// !$*UTF8*$!
{
	archiveVersion = 1;
	classes = {
	};
	objectVersion = 46;
	objects = {

		E4BA4DFF98B4EF2573FA22A1 = {isa = PBXBuildFile; fileRef = 464C78A0F5ADED03B9C627B9; };
		CD32106F939D73DCA1F49542 = {isa = PBXBuildFile; fileRef = BA71CE092B560B087F4624F8; };
		E2A669866E3EA2F2460C9002 = {isa = PBXBuildFile; fileRef = 9BE9BE3D8F348F70907FCA1B; };
		5B7898443992FAB36D22977B = {isa = PBXBuildFile; fileRef = 6C88487D658F704A58C4B938; };
		0F4434948CCA19EE1283CDD6 = {isa = PBXBuildFile; fileRef = 7431CAC2C3D3A2BF7EE05F03; };
		00A721BA4F21C0D8F604EE63 = {isa = PBXBuildFile; fileRef = 43A75634DE308552C8758D56; };
		231D86234B1EE7B97AD4A84A = {isa = PBXBuildFile; fileRef = 56BB16C98DEC124804FBA6E5; };
		DA6B75528567751CD1EF1821 = {isa = PBXBuildFile; fileRef = E811ADE6FF4E014493FDC8FD; };
		4538673094F16CED1931975B = {isa = PBXBuildFile; fileRef = EA898C7305BEB152B3413481; };
		14A01C8EB3135C7DB4E0FEA7 = {isa = PBXBuildFile; fileRef = 08E92F47CAAB0CA463E174EC; };
		717C609CD5929328EFB76047 = {isa = PBXBuildFile; fileRef = 25DDDED22570B01A61D1F195; };
		4949624E27A1689D496EA389 = {isa = PBXBuildFile; fileRef = C8FEE62D3738255A1019A3B0; };
		E3044525ADB643C8667E729F = {isa = PBXBuildFile; fileRef = FB62F5424C478548E1765F41; };
		1D816D56B6C66942FCA0B079 = {isa = PBXBuildFile; fileRef = 84F13801A5F4A3AE9AE33439; };
		40C1670980D22A3DA2E7050A = {isa = PBXBuildFile; fileRef = 3D7AD804D840D6A8B0080B00; };
		821F034C310E73AC1D420FB2 = {isa = PBXBuildFile; fileRef = DECD19C1EB02EE7C7F6F6866; };
		AC507AC5036772921C697F67 = {isa = PBXBuildFile; fileRef = 7068EA8F221323C8B107758C; };
		67EFF6ABC4641E0B20BAE8BC = {isa = PBXBuildFile; fileRef = 444A0B81FA66C3EB7EE800CF; };
		6885AEF2997868BECC92D7F6 = {isa = PBXBuildFile; fileRef = C1591A07004352E74EE94CED; };
		4335E45B95C1A17E06D62185 = {isa = PBXBuildFile; fileRef = B9F8600C6E1D18CDA0A62FA7; };
		42C7DFBFDB27A0E1DFFD10CC = {isa = PBXBuildFile; fileRef = B066D43D2D100CB2AC07F8D0; };
		8CDEE87BB99F182DE0E42BC4 = {isa = PBXBuildFile; fileRef = B15CBD3F8E3D6F32E0010BB2; };
		D58BB2477D318A153F54EE16 = {isa = PBXBuildFile; fileRef = 85FE7832B57957E69EE988FD; };
		4BD90FA89CF4C1674CB17B2D = {isa = PBXBuildFile; fileRef = FBBB0A5233E9ED775EC6A287; };
		63CB43EDC74F346436BE02E3 = {isa = PBXBuildFile; fileRef = 0312B2D7C03F6B2D6853C282; };
		6FF5DDAA0B526207427951C4 = {isa = PBXBuildFile; fileRef = 74EFE2DCFB20CCDD9E0AC854; };
		D85C78548187B0B872E13E42 = {isa = PBXBuildFile; fileRef = 8246C229BE25119D47BE53FF; };
		BC166A12FFCB829926E5B799 = {isa = PBXBuildFile; fileRef = D0ADFBD4B55DD7AAD03866CE; };
		83E34D291B5482FDBCEE6D9B = {isa = PBXBuildFile; fileRef = 473D4289E6FAB8F1378E0143; };
		9581935A8E24A6D89BCEB2FD = {isa = PBXBuildFile; fileRef = 6A02B6478C13247FE91DC46F; };
		78C4EADC7027B12B705D9750 = {isa = PBXBuildFile; fileRef = D8473890DA2C1ECFE1590C48; };
		38314726B31344F4CF98933F = {isa = PBXBuildFile; fileRef = BB8172315CDE369D9E7DDA77; };
		055CB612E6FD827F47E0B067 = {isa = PBXBuildFile; fileRef = A3910A0733A4159FF5964AAE; };
		F3980B01FB032452D2266613 = {isa = PBXBuildFile; fileRef = 941C271B015C5F5A8A7E6785; };
		A4B3D0EBF00D0C3085235B2D = {isa = PBXBuildFile; fileRef = 5E05314461B2FBDEED99EAB5; };
		4A1C73CBA4676B4CCDD7A64D = {isa = PBXBuildFile; fileRef = 854E4764666D3D389B0F0A68; };
		FFD5847425CE3F166A69355E = {isa = PBXBuildFile; fileRef = 467E06C6A606920FCA4BC918; };
		1CC5AA957A2E3476E8C432D3 = {isa = PBXBuildFile; fileRef = FD3C4D4D973A6DE2B0A797A7; };
		616F29365A78524F10D569AA = {isa = PBXBuildFile; fileRef = 4237CC36A25BEE39597B8AF0; };
		B22EB0A42D892D3D7E27DB08 = {isa = PBXBuildFile; fileRef = 65DDDD509761D84053B53687; };
		67F87B2AF35C43B19592EF27 = {isa = PBXBuildFile; fileRef = BCCA48E46B7C83E2EFA4BADA; };
		88529BD548A969BF936E6748 = {isa = PBXBuildFile; fileRef = C67671B24B0628F051EE294C; };
		A0CE702B9ACE7C396D901D77 = {isa = PBXBuildFile; fileRef = 688CB94A2617238091A2FA2C; };
		4E8C838E46054EBE6CD4B6A1 = {isa = PBXBuildFile; fileRef = 9BC8DAA8283E6CD60AC85CD8; };
		0312B2D7C03F6B2D6853C282 = {isa = PBXFileReference; lastKnownFileType = sourcecode.cpp.objcpp; name = "include_juce_audio_devices.mm"; path = "../../JuceLibraryCode/include_juce_audio_devices.mm"; sourceTree = "SOURCE_ROOT"; };
		059786B3B376D336F9102D1D = {isa = PBXFileReference; lastKnownFileType = file; name = "juce_video"; path = "/Applications/JUCE/modules/juce_video"; sourceTree = "<absolute>"; };
		08E92F47CAAB0CA463E174EC = {isa = PBXFileReference; lastKnownFileType = wrapper.framework; name = Carbon.framework; path = System/Library/Frameworks/Carbon.framework; sourceTree = SDKROOT; };
		105457B32371F20D82A6F26B = {isa = PBXFileReference; lastKnownFileType = file; name = "juce_cryptography"; path = "/Applications/JUCE/modules/juce_cryptography"; sourceTree = "<absolute>"; };
		1DE781C2ADA44ABA5E6E586B = {isa = PBXFileReference; lastKnownFileType = file; name = "juce_gui_extra"; path = "/Applications/JUCE/modules/juce_gui_extra"; sourceTree = "<absolute>"; };
		25DDDED22570B01A61D1F195 = {isa = PBXFileReference; lastKnownFileType = wrapper.framework; name = Cocoa.framework; path = System/Library/Frameworks/Cocoa.framework; sourceTree = SDKROOT; };
		32F266B4F65A1FD5EE5A0F32 = {isa = PBXFileReference; lastKnownFileType = file; name = "juce_gui_basics"; path = "/Applications/JUCE/modules/juce_gui_basics"; sourceTree = "<absolute>"; };
		37BBD5043CD97BE35BD8D3BE = {isa = PBXFileReference; lastKnownFileType = text.plist.xml; name = "Info-Standalone_Plugin.plist"; path = "Info-Standalone_Plugin.plist"; sourceTree = "SOURCE_ROOT"; };
		3D7AD804D840D6A8B0080B00 = {isa = PBXFileReference; lastKnownFileType = wrapper.framework; name = CoreMIDI.framework; path = System/Library/Frameworks/CoreMIDI.framework; sourceTree = SDKROOT; };
		4237CC36A25BEE39597B8AF0 = {isa = PBXFileReference; lastKnownFileType = sourcecode.cpp.objcpp; name = "include_juce_events.mm"; path = "../../JuceLibraryCode/include_juce_events.mm"; sourceTree = "SOURCE_ROOT"; };
		43A75634DE308552C8758D56 = {isa = PBXFileReference; lastKnownFileType = wrapper.framework; name = AudioToolbox.framework; path = System/Library/Frameworks/AudioToolbox.framework; sourceTree = SDKROOT; };
		444A0B81FA66C3EB7EE800CF = {isa = PBXFileReference; lastKnownFileType = wrapper.framework; name = OpenGL.framework; path = System/Library/Frameworks/OpenGL.framework; sourceTree = SDKROOT; };
		464C78A0F5ADED03B9C627B9 = {isa = PBXFileReference; explicitFileType = wrapper.cfbundle; includeInIndex = 0; path = NewProject.vst; sourceTree = "BUILT_PRODUCTS_DIR"; };
		467E06C6A606920FCA4BC918 = {isa = PBXFileReference; lastKnownFileType = sourcecode.cpp.objcpp; name = "include_juce_cryptography.mm"; path = "../../JuceLibraryCode/include_juce_cryptography.mm"; sourceTree = "SOURCE_ROOT"; };
		473D4289E6FAB8F1378E0143 = {isa = PBXFileReference; lastKnownFileType = sourcecode.cpp.objcpp; name = "include_juce_audio_plugin_client_AU_2.mm"; path = "../../JuceLibraryCode/include_juce_audio_plugin_client_AU_2.mm"; sourceTree = "SOURCE_ROOT"; };
		56BB16C98DEC124804FBA6E5 = {isa = PBXFileReference; lastKnownFileType = wrapper.framework; name = AudioUnit.framework; path = System/Library/Frameworks/AudioUnit.framework; sourceTree = SDKROOT; };
		5E05314461B2FBDEED99EAB5 = {isa = PBXFileReference; lastKnownFileType = sourcecode.cpp.objcpp; name = "include_juce_audio_utils.mm"; path = "../../JuceLibraryCode/include_juce_audio_utils.mm"; sourceTree = "SOURCE_ROOT"; };
		5F86E4C362EE844E3DC234FE = {isa = PBXFileReference; lastKnownFileType = file; name = "juce_graphics"; path = "/Applications/JUCE/modules/juce_graphics"; sourceTree = "<absolute>"; };
		65DDDD509761D84053B53687 = {isa = PBXFileReference; lastKnownFileType = sourcecode.cpp.objcpp; name = "include_juce_graphics.mm"; path = "../../JuceLibraryCode/include_juce_graphics.mm"; sourceTree = "SOURCE_ROOT"; };
		66575965488C07696D816A35 = {isa = PBXFileReference; lastKnownFileType = file; name = "juce_audio_utils"; path = "/Applications/JUCE/modules/juce_audio_utils"; sourceTree = "<absolute>"; };
		68202A6B12D9069818E4CB3D = {isa = PBXFileReference; lastKnownFileType = text.plist.xml; name = Lazarus.entitlements; path = Lazarus.entitlements; sourceTree = "SOURCE_ROOT"; };
		688CB94A2617238091A2FA2C = {isa = PBXFileReference; lastKnownFileType = sourcecode.cpp.objcpp; name = "include_juce_opengl.mm"; path = "../../JuceLibraryCode/include_juce_opengl.mm"; sourceTree = "SOURCE_ROOT"; };
		6A02B6478C13247FE91DC46F = {isa = PBXFileReference; lastKnownFileType = sourcecode.cpp.cpp; name = "include_juce_audio_plugin_client_Standalone.cpp"; path = "../../JuceLibraryCode/include_juce_audio_plugin_client_Standalone.cpp"; sourceTree = "SOURCE_ROOT"; };
		6AAD065CF746E06CBD788C36 = {isa = PBXFileReference; lastKnownFileType = file; name = "juce_opengl"; path = "/Applications/JUCE/modules/juce_opengl"; sourceTree = "<absolute>"; };
		7068EA8F221323C8B107758C = {isa = PBXFileReference; lastKnownFileType = wrapper.framework; name = IOKit.framework; path = System/Library/Frameworks/IOKit.framework; sourceTree = SDKROOT; };
		7431CAC2C3D3A2BF7EE05F03 = {isa = PBXFileReference; lastKnownFileType = wrapper.framework; name = Accelerate.framework; path = System/Library/Frameworks/Accelerate.framework; sourceTree = SDKROOT; };
		74EFE2DCFB20CCDD9E0AC854 = {isa = PBXFileReference; lastKnownFileType = sourcecode.cpp.objcpp; name = "include_juce_audio_formats.mm"; path = "../../JuceLibraryCode/include_juce_audio_formats.mm"; sourceTree = "SOURCE_ROOT"; };
		8220C2F8769C9A27E9FD1B0D = {isa = PBXFileReference; lastKnownFileType = sourcecode.c.h; name = PluginProcessor.h; path = ../../Source/PluginProcessor.h; sourceTree = "SOURCE_ROOT"; };
		8246C229BE25119D47BE53FF = {isa = PBXFileReference; lastKnownFileType = file.r; name = "include_juce_audio_plugin_client_AU.r"; path = "../../JuceLibraryCode/include_juce_audio_plugin_client_AU.r"; sourceTree = "SOURCE_ROOT"; };
		831F430C2ED1C240EB5C1F12 = {isa = PBXFileReference; lastKnownFileType = file; name = "juce_events"; path = "/Applications/JUCE/modules/juce_events"; sourceTree = "<absolute>"; };
		8348F65C4619BFC07F950A0A = {isa = PBXFileReference; lastKnownFileType = file; name = "juce_data_structures"; path = "/Applications/JUCE/modules/juce_data_structures"; sourceTree = "<absolute>"; };
		84F13801A5F4A3AE9AE33439 = {isa = PBXFileReference; lastKnownFileType = wrapper.framework; name = CoreMedia.framework; path = System/Library/Frameworks/CoreMedia.framework; sourceTree = SDKROOT; };
		854E4764666D3D389B0F0A68 = {isa = PBXFileReference; lastKnownFileType = sourcecode.cpp.objcpp; name = "include_juce_core.mm"; path = "../../JuceLibraryCode/include_juce_core.mm"; sourceTree = "SOURCE_ROOT"; };
		85FE7832B57957E69EE988FD = {isa = PBXFileReference; lastKnownFileType = sourcecode.cpp.cpp; name = PluginEditor.cpp; path = ../../Source/PluginEditor.cpp; sourceTree = "SOURCE_ROOT"; };
		87D987A736B093585D26342F = {isa = PBXFileReference; lastKnownFileType = text.plist.xml; name = "Info-VST.plist"; path = "Info-VST.plist"; sourceTree = "SOURCE_ROOT"; };
		881222D9F04AF378D35041A8 = {isa = PBXFileReference; lastKnownFileType = file; name = "juce_audio_devices"; path = "/Applications/JUCE/modules/juce_audio_devices"; sourceTree = "<absolute>"; };
		88550F602A61A7D551AD9D6E = {isa = PBXFileReference; lastKnownFileType = sourcecode.c.h; name = JuceHeader.h; path = ../../JuceLibraryCode/JuceHeader.h; sourceTree = "SOURCE_ROOT"; };
		941C271B015C5F5A8A7E6785 = {isa = PBXFileReference; lastKnownFileType = sourcecode.cpp.objcpp; name = "include_juce_audio_processors.mm"; path = "../../JuceLibraryCode/include_juce_audio_processors.mm"; sourceTree = "SOURCE_ROOT"; };
		A445D1BD0AE696F60D718B7D = {isa = PBXFileReference; lastKnownFileType = file; name = "juce_audio_plugin_client"; path = "/Applications/JUCE/modules/juce_audio_plugin_client"; sourceTree = "<absolute>"; };
		BA71CE092B560B087F4624F8 = {isa = PBXFileReference; explicitFileType = wrapper.cfbundle; includeInIndex = 0; path = NewProject.component; sourceTree = "BUILT_PRODUCTS_DIR"; };
		9BE9BE3D8F348F70907FCA1B = {isa = PBXFileReference; explicitFileType = wrapper.application; includeInIndex = 0; path = NewProject.app; sourceTree = "BUILT_PRODUCTS_DIR"; };
		6C88487D658F704A58C4B938 = {isa = PBXFileReference; explicitFileType = archive.ar; includeInIndex = 0; path = libNewProject.a; sourceTree = "BUILT_PRODUCTS_DIR"; };
		9BC8DAA8283E6CD60AC85CD8 = {isa = PBXFileReference; lastKnownFileType = sourcecode.cpp.objcpp; name = "include_juce_video.mm"; path = "../../JuceLibraryCode/include_juce_video.mm"; sourceTree = "SOURCE_ROOT"; };
		A3910A0733A4159FF5964AAE = {isa = PBXFileReference; lastKnownFileType = sourcecode.cpp.cpp; name = "include_juce_audio_plugin_client_VST2.cpp"; path = "../../JuceLibraryCode/include_juce_audio_plugin_client_VST2.cpp"; sourceTree = "SOURCE_ROOT"; };
		B066D43D2D100CB2AC07F8D0 = {isa = PBXFileReference; lastKnownFileType = file.nib; name = RecentFilesMenuTemplate.nib; path = RecentFilesMenuTemplate.nib; sourceTree = "SOURCE_ROOT"; };
		B15CBD3F8E3D6F32E0010BB2 = {isa = PBXFileReference; lastKnownFileType = sourcecode.cpp.cpp; name = PluginProcessor.cpp; path = ../../Source/PluginProcessor.cpp; sourceTree = "SOURCE_ROOT"; };
		B9F8600C6E1D18CDA0A62FA7 = {isa = PBXFileReference; lastKnownFileType = wrapper.framework; name = WebKit.framework; path = System/Library/Frameworks/WebKit.framework; sourceTree = SDKROOT; };
		BB8172315CDE369D9E7DDA77 = {isa = PBXFileReference; lastKnownFileType = sourcecode.cpp.objcpp; name = "include_juce_audio_plugin_client_VST_utils.mm"; path = "../../JuceLibraryCode/include_juce_audio_plugin_client_VST_utils.mm"; sourceTree = "SOURCE_ROOT"; };
		BCCA48E46B7C83E2EFA4BADA = {isa = PBXFileReference; lastKnownFileType = sourcecode.cpp.objcpp; name = "include_juce_gui_basics.mm"; path = "../../JuceLibraryCode/include_juce_gui_basics.mm"; sourceTree = "SOURCE_ROOT"; };
		C0110DC6807BF35EEC338445 = {isa = PBXFileReference; lastKnownFileType = file; name = "juce_core"; path = "/Applications/JUCE/modules/juce_core"; sourceTree = "<absolute>"; };
		C1591A07004352E74EE94CED = {isa = PBXFileReference; lastKnownFileType = wrapper.framework; name = QuartzCore.framework; path = System/Library/Frameworks/QuartzCore.framework; sourceTree = SDKROOT; };
		C29123534664E72B53226523 = {isa = PBXFileReference; lastKnownFileType = file; name = "juce_audio_basics"; path = "/Applications/JUCE/modules/juce_audio_basics"; sourceTree = "<absolute>"; };
		C67671B24B0628F051EE294C = {isa = PBXFileReference; lastKnownFileType = sourcecode.cpp.objcpp; name = "include_juce_gui_extra.mm"; path = "../../JuceLibraryCode/include_juce_gui_extra.mm"; sourceTree = "SOURCE_ROOT"; };
		C8FEE62D3738255A1019A3B0 = {isa = PBXFileReference; lastKnownFileType = wrapper.framework; name = CoreAudio.framework; path = System/Library/Frameworks/CoreAudio.framework; sourceTree = SDKROOT; };
		D0ADFBD4B55DD7AAD03866CE = {isa = PBXFileReference; lastKnownFileType = sourcecode.cpp.objcpp; name = "include_juce_audio_plugin_client_AU_1.mm"; path = "../../JuceLibraryCode/include_juce_audio_plugin_client_AU_1.mm"; sourceTree = "SOURCE_ROOT"; };
		D8473890DA2C1ECFE1590C48 = {isa = PBXFileReference; lastKnownFileType = sourcecode.cpp.cpp; name = "include_juce_audio_plugin_client_utils.cpp"; path = "../../JuceLibraryCode/include_juce_audio_plugin_client_utils.cpp"; sourceTree = "SOURCE_ROOT"; };
		DA59244872845D7293DA11F7 = {isa = PBXFileReference; lastKnownFileType = sourcecode.c.h; name = PluginEditor.h; path = ../../Source/PluginEditor.h; sourceTree = "SOURCE_ROOT"; };
		DECD19C1EB02EE7C7F6F6866 = {isa = PBXFileReference; lastKnownFileType = wrapper.framework; name = DiscRecording.framework; path = System/Library/Frameworks/DiscRecording.framework; sourceTree = SDKROOT; };
		E811ADE6FF4E014493FDC8FD = {isa = PBXFileReference; lastKnownFileType = wrapper.framework; name = AVFoundation.framework; path = System/Library/Frameworks/AVFoundation.framework; sourceTree = SDKROOT; };
		EA898C7305BEB152B3413481 = {isa = PBXFileReference; lastKnownFileType = wrapper.framework; name = AVKit.framework; path = System/Library/Frameworks/AVKit.framework; sourceTree = SDKROOT; };
		EDE2D1AD95A9CEB7E3C73FA3 = {isa = PBXFileReference; lastKnownFileType = file; name = "juce_audio_processors"; path = "/Applications/JUCE/modules/juce_audio_processors"; sourceTree = "<absolute>"; };
		F3BCC273322FFB96B83928BA = {isa = PBXFileReference; lastKnownFileType = text.plist.xml; name = "Info-AU.plist"; path = "Info-AU.plist"; sourceTree = "SOURCE_ROOT"; };
		F5667F2AFE6B84D3413D2CD2 = {isa = PBXFileReference; lastKnownFileType = file; name = "juce_audio_formats"; path = "/Applications/JUCE/modules/juce_audio_formats"; sourceTree = "<absolute>"; };
		F951D68BADD45569998D9E3E = {isa = PBXFileReference; lastKnownFileType = sourcecode.c.h; name = AppConfig.h; path = ../../JuceLibraryCode/AppConfig.h; sourceTree = "SOURCE_ROOT"; };
		FB62F5424C478548E1765F41 = {isa = PBXFileReference; lastKnownFileType = wrapper.framework; name = CoreAudioKit.framework; path = System/Library/Frameworks/CoreAudioKit.framework; sourceTree = SDKROOT; };
		FBBB0A5233E9ED775EC6A287 = {isa = PBXFileReference; lastKnownFileType = sourcecode.cpp.objcpp; name = "include_juce_audio_basics.mm"; path = "../../JuceLibraryCode/include_juce_audio_basics.mm"; sourceTree = "SOURCE_ROOT"; };
		FD3C4D4D973A6DE2B0A797A7 = {isa = PBXFileReference; lastKnownFileType = sourcecode.cpp.objcpp; name = "include_juce_data_structures.mm"; path = "../../JuceLibraryCode/include_juce_data_structures.mm"; sourceTree = "SOURCE_ROOT"; };
		3F847F0A58CB4B10E6A1D53D = {isa = PBXGroup; children = (
					B15CBD3F8E3D6F32E0010BB2,
					8220C2F8769C9A27E9FD1B0D,
					85FE7832B57957E69EE988FD,
					DA59244872845D7293DA11F7, ); name = Source; sourceTree = "<group>"; };
		F2DFC4C856CF719D0EF54A84 = {isa = PBXGroup; children = (
					3F847F0A58CB4B10E6A1D53D, ); name = Lazarus; sourceTree = "<group>"; };
		E0A744FE006418F60D25E617 = {isa = PBXGroup; children = (
					C29123534664E72B53226523,
					881222D9F04AF378D35041A8,
					F5667F2AFE6B84D3413D2CD2,
					A445D1BD0AE696F60D718B7D,
					EDE2D1AD95A9CEB7E3C73FA3,
					66575965488C07696D816A35,
					C0110DC6807BF35EEC338445,
					105457B32371F20D82A6F26B,
					8348F65C4619BFC07F950A0A,
					831F430C2ED1C240EB5C1F12,
					5F86E4C362EE844E3DC234FE,
					32F266B4F65A1FD5EE5A0F32,
					1DE781C2ADA44ABA5E6E586B,
					6AAD065CF746E06CBD788C36,
					059786B3B376D336F9102D1D, ); name = "Juce Modules"; sourceTree = "<group>"; };
		7916483C6B8BCACF4E6386BF = {isa = PBXGroup; children = (
					F951D68BADD45569998D9E3E,
					FBBB0A5233E9ED775EC6A287,
					0312B2D7C03F6B2D6853C282,
					74EFE2DCFB20CCDD9E0AC854,
					8246C229BE25119D47BE53FF,
					D0ADFBD4B55DD7AAD03866CE,
					473D4289E6FAB8F1378E0143,
					6A02B6478C13247FE91DC46F,
					D8473890DA2C1ECFE1590C48,
					BB8172315CDE369D9E7DDA77,
					A3910A0733A4159FF5964AAE,
					941C271B015C5F5A8A7E6785,
					5E05314461B2FBDEED99EAB5,
					854E4764666D3D389B0F0A68,
					467E06C6A606920FCA4BC918,
					FD3C4D4D973A6DE2B0A797A7,
					4237CC36A25BEE39597B8AF0,
					65DDDD509761D84053B53687,
					BCCA48E46B7C83E2EFA4BADA,
					C67671B24B0628F051EE294C,
					688CB94A2617238091A2FA2C,
					9BC8DAA8283E6CD60AC85CD8,
					88550F602A61A7D551AD9D6E, ); name = "Juce Library Code"; sourceTree = "<group>"; };
		B2A338F6C6A4B42FC9DC87BF = {isa = PBXGroup; children = (
					87D987A736B093585D26342F,
					F3BCC273322FFB96B83928BA,
					37BBD5043CD97BE35BD8D3BE,
					B066D43D2D100CB2AC07F8D0, ); name = Resources; sourceTree = "<group>"; };
		82652203D97509CE146CD86D = {isa = PBXGroup; children = (
					7431CAC2C3D3A2BF7EE05F03,
					43A75634DE308552C8758D56,
					56BB16C98DEC124804FBA6E5,
					E811ADE6FF4E014493FDC8FD,
					EA898C7305BEB152B3413481,
					08E92F47CAAB0CA463E174EC,
					25DDDED22570B01A61D1F195,
					C8FEE62D3738255A1019A3B0,
					FB62F5424C478548E1765F41,
					84F13801A5F4A3AE9AE33439,
					3D7AD804D840D6A8B0080B00,
					DECD19C1EB02EE7C7F6F6866,
					7068EA8F221323C8B107758C,
					444A0B81FA66C3EB7EE800CF,
					C1591A07004352E74EE94CED,
					B9F8600C6E1D18CDA0A62FA7, ); name = Frameworks; sourceTree = "<group>"; };
		775D703E95EBF50116DE2408 = {isa = PBXGroup; children = (
					464C78A0F5ADED03B9C627B9,
					BA71CE092B560B087F4624F8,
					9BE9BE3D8F348F70907FCA1B,
					6C88487D658F704A58C4B938, ); name = Products; sourceTree = "<group>"; };
		DEBAE5BBB5D407ADC1D44470 = {isa = PBXGroup; children = (
					68202A6B12D9069818E4CB3D,
					F2DFC4C856CF719D0EF54A84,
					E0A744FE006418F60D25E617,
					7916483C6B8BCACF4E6386BF,
					B2A338F6C6A4B42FC9DC87BF,
					82652203D97509CE146CD86D,
					775D703E95EBF50116DE2408, ); name = Source; sourceTree = "<group>"; };
		705D47DAD675C4433BC04070 = {isa = XCBuildConfiguration; buildSettings = {  }; name = Debug; };
		0C1C6251F26657586C07BF57 = {isa = XCBuildConfiguration; buildSettings = {  }; name = Release; };
		6517E7CDA547E6C29A5C6B30 = {isa = XCBuildConfiguration; buildSettings = {
				CLANG_CXX_LANGUAGE_STANDARD = "c++11";
				CLANG_LINK_OBJC_RUNTIME = NO;
				COMBINE_HIDPI_IMAGES = YES;
				CONFIGURATION_BUILD_DIR = "$(PROJECT_DIR)/build/$(CONFIGURATION)";
				COPY_PHASE_STRIP = NO;
				DEPLOYMENT_LOCATION = YES;
				DSTROOT = /;
				GCC_DYNAMIC_NO_PIC = NO;
				GCC_OPTIMIZATION_LEVEL = 0;
				GCC_PREPROCESSOR_DEFINITIONS = (
					"_DEBUG=1",
					"DEBUG=1",
					"JUCER_XCODE_MAC_F6D2F4CF=1",
					"JUCE_APP_VERSION=1.0.0",
					"JUCE_APP_VERSION_HEX=0x10000",
					"JucePlugin_Build_VST=1",
					"JucePlugin_Build_VST3=0",
					"JucePlugin_Build_AU=0",
					"JucePlugin_Build_AUv3=0",
					"JucePlugin_Build_RTAS=0",
					"JucePlugin_Build_AAX=0",
					"JucePlugin_Build_Standalone=0", );
				GCC_VERSION = com.apple.compilers.llvm.clang.1_0;
				GENERATE_PKGINFO_FILE = YES;
				HEADER_SEARCH_PATHS = ("../../JuceLibraryCode", "/Applications/JUCE/modules", "/Applications/JUCE/modules/juce_audio_plugin_client", "$(inherited)");
				INFOPLIST_FILE = Info-VST.plist;
				INFOPLIST_PREPROCESS = NO;
				INSTALL_PATH = "$(HOME)/Library/Audio/Plug-Ins/VST/";
				LIBRARY_STYLE = Bundle;
				MACOSX_DEPLOYMENT_TARGET = 10.11;
				MACOSX_DEPLOYMENT_TARGET_ppc = 10.4;
				OTHER_LDFLAGS = "-bundle -lNewProject";
				PRODUCT_BUNDLE_IDENTIFIER = uk.co.birchlabs.Lazarus;
				SDKROOT_ppc = macosx10.5;
				USE_HEADERMAP = NO;
				WRAPPER_EXTENSION = vst; }; name = Debug; };
		8C7EF245FD030A10F7D0DDA0 = {isa = XCBuildConfiguration; buildSettings = {
				CLANG_CXX_LANGUAGE_STANDARD = "c++11";
				CLANG_LINK_OBJC_RUNTIME = NO;
				COMBINE_HIDPI_IMAGES = YES;
				CONFIGURATION_BUILD_DIR = "$(PROJECT_DIR)/build/$(CONFIGURATION)";
				DEAD_CODE_STRIPPING = YES;
				DEPLOYMENT_LOCATION = YES;
				DSTROOT = /;
				GCC_GENERATE_DEBUGGING_SYMBOLS = NO;
				GCC_OPTIMIZATION_LEVEL = 3;
				GCC_PREPROCESSOR_DEFINITIONS = (
					"_NDEBUG=1",
					"NDEBUG=1",
					"JUCER_XCODE_MAC_F6D2F4CF=1",
					"JUCE_APP_VERSION=1.0.0",
					"JUCE_APP_VERSION_HEX=0x10000",
					"JucePlugin_Build_VST=1",
					"JucePlugin_Build_VST3=0",
					"JucePlugin_Build_AU=0",
					"JucePlugin_Build_AUv3=0",
					"JucePlugin_Build_RTAS=0",
					"JucePlugin_Build_AAX=0",
					"JucePlugin_Build_Standalone=0", );
				GCC_SYMBOLS_PRIVATE_EXTERN = YES;
				GCC_VERSION = com.apple.compilers.llvm.clang.1_0;
				GENERATE_PKGINFO_FILE = YES;
				HEADER_SEARCH_PATHS = ("../../JuceLibraryCode", "/Applications/JUCE/modules", "/Applications/JUCE/modules/juce_audio_plugin_client", "$(inherited)");
				INFOPLIST_FILE = Info-VST.plist;
				INFOPLIST_PREPROCESS = NO;
				INSTALL_PATH = "$(HOME)/Library/Audio/Plug-Ins/VST/";
				LIBRARY_STYLE = Bundle;
				MACOSX_DEPLOYMENT_TARGET = 10.11;
				MACOSX_DEPLOYMENT_TARGET_ppc = 10.4;
				OTHER_LDFLAGS = "-bundle -lNewProject";
				PRODUCT_BUNDLE_IDENTIFIER = uk.co.birchlabs.Lazarus;
				SDKROOT_ppc = macosx10.5;
				USE_HEADERMAP = NO;
				WRAPPER_EXTENSION = vst; }; name = Release; };
		DC3223E05AE8286AB742B20C = {isa = XCBuildConfiguration; buildSettings = {
				CLANG_CXX_LANGUAGE_STANDARD = "c++11";
				CLANG_LINK_OBJC_RUNTIME = NO;
				COMBINE_HIDPI_IMAGES = YES;
				CONFIGURATION_BUILD_DIR = "$(PROJECT_DIR)/build/$(CONFIGURATION)";
				COPY_PHASE_STRIP = NO;
				DEPLOYMENT_LOCATION = YES;
				DSTROOT = /;
				GCC_DYNAMIC_NO_PIC = NO;
				GCC_OPTIMIZATION_LEVEL = 0;
				GCC_PREPROCESSOR_DEFINITIONS = (
					"_DEBUG=1",
					"DEBUG=1",
					"JUCER_XCODE_MAC_F6D2F4CF=1",
					"JUCE_APP_VERSION=1.0.0",
					"JUCE_APP_VERSION_HEX=0x10000",
					"JucePlugin_Build_VST=0",
					"JucePlugin_Build_VST3=0",
					"JucePlugin_Build_AU=1",
					"JucePlugin_Build_AUv3=0",
					"JucePlugin_Build_RTAS=0",
					"JucePlugin_Build_AAX=0",
					"JucePlugin_Build_Standalone=0", );
				GCC_VERSION = com.apple.compilers.llvm.clang.1_0;
				GENERATE_PKGINFO_FILE = YES;
				HEADER_SEARCH_PATHS = ("../../JuceLibraryCode", "/Applications/JUCE/modules", "/Applications/JUCE/modules/juce_audio_plugin_client", "$(inherited)");
				INFOPLIST_FILE = Info-AU.plist;
				INFOPLIST_PREPROCESS = NO;
				INSTALL_PATH = "$(HOME)/Library/Audio/Plug-Ins/Components/";
				LIBRARY_STYLE = Bundle;
				MACOSX_DEPLOYMENT_TARGET = 10.11;
				MACOSX_DEPLOYMENT_TARGET_ppc = 10.4;
				OTHER_LDFLAGS = "-bundle -lNewProject";
				OTHER_REZFLAGS = "-d ppc_$ppc -d i386_$i386 -d ppc64_$ppc64 -d x86_64_$x86_64 -I /System/Library/Frameworks/CoreServices.framework/Frameworks/CarbonCore.framework/Versions/A/Headers -I \"$(DEVELOPER_DIR)/Extras/CoreAudio/AudioUnits/AUPublic/AUBase\"";
				PRODUCT_BUNDLE_IDENTIFIER = uk.co.birchlabs.Lazarus;
				SDKROOT_ppc = macosx10.5;
				USE_HEADERMAP = NO;
				WRAPPER_EXTENSION = component; }; name = Debug; };
		70D83CD43225C77A070F1614 = {isa = XCBuildConfiguration; buildSettings = {
				CLANG_CXX_LANGUAGE_STANDARD = "c++11";
				CLANG_LINK_OBJC_RUNTIME = NO;
				COMBINE_HIDPI_IMAGES = YES;
				CONFIGURATION_BUILD_DIR = "$(PROJECT_DIR)/build/$(CONFIGURATION)";
				DEAD_CODE_STRIPPING = YES;
				DEPLOYMENT_LOCATION = YES;
				DSTROOT = /;
				GCC_GENERATE_DEBUGGING_SYMBOLS = NO;
				GCC_OPTIMIZATION_LEVEL = 3;
				GCC_PREPROCESSOR_DEFINITIONS = (
					"_NDEBUG=1",
					"NDEBUG=1",
					"JUCER_XCODE_MAC_F6D2F4CF=1",
					"JUCE_APP_VERSION=1.0.0",
					"JUCE_APP_VERSION_HEX=0x10000",
					"JucePlugin_Build_VST=0",
					"JucePlugin_Build_VST3=0",
					"JucePlugin_Build_AU=1",
					"JucePlugin_Build_AUv3=0",
					"JucePlugin_Build_RTAS=0",
					"JucePlugin_Build_AAX=0",
					"JucePlugin_Build_Standalone=0", );
				GCC_SYMBOLS_PRIVATE_EXTERN = YES;
				GCC_VERSION = com.apple.compilers.llvm.clang.1_0;
				GENERATE_PKGINFO_FILE = YES;
				HEADER_SEARCH_PATHS = ("../../JuceLibraryCode", "/Applications/JUCE/modules", "/Applications/JUCE/modules/juce_audio_plugin_client", "$(inherited)");
				INFOPLIST_FILE = Info-AU.plist;
				INFOPLIST_PREPROCESS = NO;
				INSTALL_PATH = "$(HOME)/Library/Audio/Plug-Ins/Components/";
				LIBRARY_STYLE = Bundle;
				MACOSX_DEPLOYMENT_TARGET = 10.11;
				MACOSX_DEPLOYMENT_TARGET_ppc = 10.4;
				OTHER_LDFLAGS = "-bundle -lNewProject";
				OTHER_REZFLAGS = "-d ppc_$ppc -d i386_$i386 -d ppc64_$ppc64 -d x86_64_$x86_64 -I /System/Library/Frameworks/CoreServices.framework/Frameworks/CarbonCore.framework/Versions/A/Headers -I \"$(DEVELOPER_DIR)/Extras/CoreAudio/AudioUnits/AUPublic/AUBase\"";
				PRODUCT_BUNDLE_IDENTIFIER = uk.co.birchlabs.Lazarus;
				SDKROOT_ppc = macosx10.5;
				USE_HEADERMAP = NO;
				WRAPPER_EXTENSION = component; }; name = Release; };
		47A8939F8CCFAE444D438415 = {isa = XCBuildConfiguration; buildSettings = {
				CLANG_CXX_LANGUAGE_STANDARD = "c++11";
				CLANG_LINK_OBJC_RUNTIME = NO;
				COMBINE_HIDPI_IMAGES = YES;
				CONFIGURATION_BUILD_DIR = "$(PROJECT_DIR)/build/$(CONFIGURATION)";
				COPY_PHASE_STRIP = NO;
				GCC_DYNAMIC_NO_PIC = NO;
				GCC_OPTIMIZATION_LEVEL = 0;
				GCC_PREPROCESSOR_DEFINITIONS = (
					"_DEBUG=1",
					"DEBUG=1",
					"JUCER_XCODE_MAC_F6D2F4CF=1",
					"JUCE_APP_VERSION=1.0.0",
					"JUCE_APP_VERSION_HEX=0x10000",
					"JucePlugin_Build_VST=0",
					"JucePlugin_Build_VST3=0",
					"JucePlugin_Build_AU=0",
					"JucePlugin_Build_AUv3=0",
					"JucePlugin_Build_RTAS=0",
					"JucePlugin_Build_AAX=0",
					"JucePlugin_Build_Standalone=1", );
				GCC_VERSION = com.apple.compilers.llvm.clang.1_0;
				HEADER_SEARCH_PATHS = ("../../JuceLibraryCode", "/Applications/JUCE/modules", "/Applications/JUCE/modules/juce_audio_plugin_client", "$(inherited)");
				INFOPLIST_FILE = Info-Standalone_Plugin.plist;
				INFOPLIST_PREPROCESS = NO;
				MACOSX_DEPLOYMENT_TARGET = 10.11;
				MACOSX_DEPLOYMENT_TARGET_ppc = 10.4;
				OTHER_LDFLAGS = "-lNewProject";
				PRODUCT_BUNDLE_IDENTIFIER = uk.co.birchlabs.Lazarus;
				SDKROOT_ppc = macosx10.5;
				USE_HEADERMAP = NO; }; name = Debug; };
		40910EFC7449ECAEE0FECA85 = {isa = XCBuildConfiguration; buildSettings = {
				CLANG_CXX_LANGUAGE_STANDARD = "c++11";
				CLANG_LINK_OBJC_RUNTIME = NO;
				COMBINE_HIDPI_IMAGES = YES;
				CONFIGURATION_BUILD_DIR = "$(PROJECT_DIR)/build/$(CONFIGURATION)";
				DEAD_CODE_STRIPPING = YES;
				GCC_GENERATE_DEBUGGING_SYMBOLS = NO;
				GCC_OPTIMIZATION_LEVEL = 3;
				GCC_PREPROCESSOR_DEFINITIONS = (
					"_NDEBUG=1",
					"NDEBUG=1",
					"JUCER_XCODE_MAC_F6D2F4CF=1",
					"JUCE_APP_VERSION=1.0.0",
					"JUCE_APP_VERSION_HEX=0x10000",
					"JucePlugin_Build_VST=0",
					"JucePlugin_Build_VST3=0",
					"JucePlugin_Build_AU=0",
					"JucePlugin_Build_AUv3=0",
					"JucePlugin_Build_RTAS=0",
					"JucePlugin_Build_AAX=0",
					"JucePlugin_Build_Standalone=1", );
				GCC_SYMBOLS_PRIVATE_EXTERN = YES;
				GCC_VERSION = com.apple.compilers.llvm.clang.1_0;
				HEADER_SEARCH_PATHS = ("../../JuceLibraryCode", "/Applications/JUCE/modules", "/Applications/JUCE/modules/juce_audio_plugin_client", "$(inherited)");
				INFOPLIST_FILE = Info-Standalone_Plugin.plist;
				INFOPLIST_PREPROCESS = NO;
				MACOSX_DEPLOYMENT_TARGET = 10.11;
				MACOSX_DEPLOYMENT_TARGET_ppc = 10.4;
				OTHER_LDFLAGS = "-lNewProject";
				PRODUCT_BUNDLE_IDENTIFIER = uk.co.birchlabs.Lazarus;
				SDKROOT_ppc = macosx10.5;
				USE_HEADERMAP = NO; }; name = Release; };
		7B8F29EC86668F6C32FBC7DB = {isa = XCBuildConfiguration; buildSettings = {
				CLANG_CXX_LANGUAGE_STANDARD = "c++11";
				CLANG_LINK_OBJC_RUNTIME = NO;
				COMBINE_HIDPI_IMAGES = YES;
				CONFIGURATION_BUILD_DIR = "$(PROJECT_DIR)/build/$(CONFIGURATION)";
				COPY_PHASE_STRIP = NO;
				GCC_DYNAMIC_NO_PIC = NO;
				GCC_OPTIMIZATION_LEVEL = 0;
				GCC_PREPROCESSOR_DEFINITIONS = (
					"_DEBUG=1",
					"DEBUG=1",
					"JUCER_XCODE_MAC_F6D2F4CF=1",
					"JUCE_APP_VERSION=1.0.0",
					"JUCE_APP_VERSION_HEX=0x10000",
					"JucePlugin_Build_VST=1",
					"JucePlugin_Build_VST3=0",
					"JucePlugin_Build_AU=1",
					"JucePlugin_Build_AUv3=0",
					"JucePlugin_Build_RTAS=0",
					"JucePlugin_Build_AAX=0",
					"JucePlugin_Build_Standalone=1",
					"JUCE_SHARED_CODE=1", );
				GCC_VERSION = com.apple.compilers.llvm.clang.1_0;
				HEADER_SEARCH_PATHS = ("../../JuceLibraryCode", "/Applications/JUCE/modules", "/Applications/JUCE/modules/juce_audio_plugin_client", "$(inherited)");
				INSTALL_PATH = "@executable_path/../Frameworks";
				MACOSX_DEPLOYMENT_TARGET = 10.11;
				MACOSX_DEPLOYMENT_TARGET_ppc = 10.4;
				PRODUCT_BUNDLE_IDENTIFIER = uk.co.birchlabs.Lazarus;
				SDKROOT_ppc = macosx10.5;
				USE_HEADERMAP = NO; }; name = Debug; };
		F0C1369E9BCBF83D6C7A5431 = {isa = XCBuildConfiguration; buildSettings = {
				CLANG_CXX_LANGUAGE_STANDARD = "c++11";
				CLANG_LINK_OBJC_RUNTIME = NO;
				COMBINE_HIDPI_IMAGES = YES;
				CONFIGURATION_BUILD_DIR = "$(PROJECT_DIR)/build/$(CONFIGURATION)";
				DEAD_CODE_STRIPPING = YES;
				GCC_GENERATE_DEBUGGING_SYMBOLS = NO;
				GCC_OPTIMIZATION_LEVEL = 3;
				GCC_PREPROCESSOR_DEFINITIONS = (
					"_NDEBUG=1",
					"NDEBUG=1",
					"JUCER_XCODE_MAC_F6D2F4CF=1",
					"JUCE_APP_VERSION=1.0.0",
					"JUCE_APP_VERSION_HEX=0x10000",
					"JucePlugin_Build_VST=1",
					"JucePlugin_Build_VST3=0",
					"JucePlugin_Build_AU=1",
					"JucePlugin_Build_AUv3=0",
					"JucePlugin_Build_RTAS=0",
					"JucePlugin_Build_AAX=0",
					"JucePlugin_Build_Standalone=1",
					"JUCE_SHARED_CODE=1", );
				GCC_SYMBOLS_PRIVATE_EXTERN = YES;
				GCC_VERSION = com.apple.compilers.llvm.clang.1_0;
				HEADER_SEARCH_PATHS = ("../../JuceLibraryCode", "/Applications/JUCE/modules", "/Applications/JUCE/modules/juce_audio_plugin_client", "$(inherited)");
				INSTALL_PATH = "@executable_path/../Frameworks";
				MACOSX_DEPLOYMENT_TARGET = 10.11;
				MACOSX_DEPLOYMENT_TARGET_ppc = 10.4;
				PRODUCT_BUNDLE_IDENTIFIER = uk.co.birchlabs.Lazarus;
				SDKROOT_ppc = macosx10.5;
				USE_HEADERMAP = NO; }; name = Release; };
		D4887B30A4ECE95C389F6887 = {isa = XCBuildConfiguration; buildSettings = {
				ALWAYS_SEARCH_USER_PATHS = NO;
				CLANG_WARN_BLOCK_CAPTURE_AUTORELEASING = YES;
				CLANG_WARN_BOOL_CONVERSION = YES;
				CLANG_WARN_COMMA = YES;
				CLANG_WARN_CONSTANT_CONVERSION = YES;
				CLANG_WARN_EMPTY_BODY = YES;
				CLANG_WARN_ENUM_CONVERSION = YES;
				CLANG_WARN_INFINITE_RECURSION = YES;
				CLANG_WARN_INT_CONVERSION = YES;
				CLANG_WARN_NON_LITERAL_NULL_CONVERSION = YES;
				CLANG_WARN_OBJC_LITERAL_CONVERSION = YES;
				CLANG_WARN_RANGE_LOOP_ANALYSIS = YES;
				CLANG_WARN_STRICT_PROTOTYPES = YES;
				CLANG_WARN_SUSPICIOUS_MOVE = YES;
				CLANG_WARN_UNREACHABLE_CODE = YES;
				CLANG_WARN__DUPLICATE_METHOD_MATCH = YES;
				DEBUG_INFORMATION_FORMAT = "dwarf";
				ENABLE_STRICT_OBJC_MSGSEND = YES;
				ENABLE_TESTABILITY = YES;
				GCC_C_LANGUAGE_STANDARD = c11;
				GCC_INLINES_ARE_PRIVATE_EXTERN = YES;
				GCC_MODEL_TUNING = G5;
				GCC_NO_COMMON_BLOCKS = YES;
				GCC_WARN_64_TO_32_BIT_CONVERSION = YES;
				GCC_WARN_ABOUT_RETURN_TYPE = YES;
				GCC_WARN_CHECK_SWITCH_STATEMENTS = YES;
				GCC_WARN_MISSING_PARENTHESES = YES;
				GCC_WARN_NON_VIRTUAL_DESTRUCTOR = YES;
				GCC_WARN_TYPECHECK_CALLS_TO_PRINTF = YES;
				GCC_WARN_UNDECLARED_SELECTOR = YES;
				GCC_WARN_UNINITIALIZED_AUTOS = YES;
				GCC_WARN_UNUSED_FUNCTION = YES;
				GCC_WARN_UNUSED_VARIABLE = YES;
				ONLY_ACTIVE_ARCH = YES;
				PRODUCT_NAME = "NewProject";
				WARNING_CFLAGS = -Wreorder;
				ZERO_LINK = NO; }; name = Debug; };
		55FE710A76675BC1A01B1290 = {isa = XCBuildConfiguration; buildSettings = {
				ALWAYS_SEARCH_USER_PATHS = NO;
				CLANG_WARN_BLOCK_CAPTURE_AUTORELEASING = YES;
				CLANG_WARN_BOOL_CONVERSION = YES;
				CLANG_WARN_COMMA = YES;
				CLANG_WARN_CONSTANT_CONVERSION = YES;
				CLANG_WARN_EMPTY_BODY = YES;
				CLANG_WARN_ENUM_CONVERSION = YES;
				CLANG_WARN_INFINITE_RECURSION = YES;
				CLANG_WARN_INT_CONVERSION = YES;
				CLANG_WARN_NON_LITERAL_NULL_CONVERSION = YES;
				CLANG_WARN_OBJC_LITERAL_CONVERSION = YES;
				CLANG_WARN_RANGE_LOOP_ANALYSIS = YES;
				CLANG_WARN_STRICT_PROTOTYPES = YES;
				CLANG_WARN_SUSPICIOUS_MOVE = YES;
				CLANG_WARN_UNREACHABLE_CODE = YES;
				CLANG_WARN__DUPLICATE_METHOD_MATCH = YES;
				DEBUG_INFORMATION_FORMAT = "dwarf";
				ENABLE_STRICT_OBJC_MSGSEND = YES;
				GCC_C_LANGUAGE_STANDARD = c11;
				GCC_INLINES_ARE_PRIVATE_EXTERN = YES;
				GCC_MODEL_TUNING = G5;
				GCC_NO_COMMON_BLOCKS = YES;
				GCC_WARN_64_TO_32_BIT_CONVERSION = YES;
				GCC_WARN_ABOUT_RETURN_TYPE = YES;
				GCC_WARN_CHECK_SWITCH_STATEMENTS = YES;
				GCC_WARN_MISSING_PARENTHESES = YES;
				GCC_WARN_NON_VIRTUAL_DESTRUCTOR = YES;
				GCC_WARN_TYPECHECK_CALLS_TO_PRINTF = YES;
				GCC_WARN_UNDECLARED_SELECTOR = YES;
				GCC_WARN_UNINITIALIZED_AUTOS = YES;
				GCC_WARN_UNUSED_FUNCTION = YES;
				GCC_WARN_UNUSED_VARIABLE = YES;
				PRODUCT_NAME = "NewProject";
				WARNING_CFLAGS = -Wreorder;
				ZERO_LINK = NO; }; name = Release; };
		50AE0946B63C5883D3F52B41 = {isa = PBXTargetDependency; target = CEA49C9C2D73DA3867849B44; };
		9376B99480BA6C8B5FBBA083 = {isa = PBXTargetDependency; target = A419C566C61946ABECD758A9; };
		DECAFF79D418C3F73E12C3AC = {isa = PBXTargetDependency; target = 3F9CCE0304CF4B5714778A4D; };
		D8A76F5E0E38C7BBA3741B16 = {isa = PBXTargetDependency; target = 7111E4D2694358B278BF7476; };
		B695E6B785A980513D8748EE = {isa = XCConfigurationList; buildConfigurations = (
					D4887B30A4ECE95C389F6887,
					55FE710A76675BC1A01B1290, ); defaultConfigurationIsVisible = 0; defaultConfigurationName = Debug; };
		87C250E50FA3C1F18434FD61 = {isa = XCConfigurationList; buildConfigurations = (
					705D47DAD675C4433BC04070,
					0C1C6251F26657586C07BF57, ); defaultConfigurationIsVisible = 0; defaultConfigurationName = Debug; };
		D33A0D2E7E7E0A3AD64AE27D = {isa = PBXAggregateTarget; buildConfigurationList = 87C250E50FA3C1F18434FD61; buildPhases = (  ); buildRules = ( ); dependencies = (
					50AE0946B63C5883D3F52B41,
					9376B99480BA6C8B5FBBA083,
					DECAFF79D418C3F73E12C3AC,
					D8A76F5E0E38C7BBA3741B16, ); name = "Lazarus - All"; productName = Lazarus; };
		2AF48FEC9615F03F99EB537F = {isa = XCConfigurationList; buildConfigurations = (
					6517E7CDA547E6C29A5C6B30,
					8C7EF245FD030A10F7D0DDA0, ); defaultConfigurationIsVisible = 0; defaultConfigurationName = Debug; };
		5F73242A3DF0C74D159D258F = {isa = PBXResourcesBuildPhase; buildActionMask = 2147483647; files = (
					42C7DFBFDB27A0E1DFFD10CC, ); runOnlyForDeploymentPostprocessing = 0; };
		EB1738E273A55B584F2808CA = {isa = PBXSourcesBuildPhase; buildActionMask = 2147483647; files = (
					055CB612E6FD827F47E0B067, ); runOnlyForDeploymentPostprocessing = 0; };
		A2802E963F5242FC1CB1B28F = {isa = PBXFrameworksBuildPhase; buildActionMask = 2147483647; files = (
					0F4434948CCA19EE1283CDD6,
					00A721BA4F21C0D8F604EE63,
					DA6B75528567751CD1EF1821,
					4538673094F16CED1931975B,
					14A01C8EB3135C7DB4E0FEA7,
					717C609CD5929328EFB76047,
					4949624E27A1689D496EA389,
					1D816D56B6C66942FCA0B079,
					40C1670980D22A3DA2E7050A,
					821F034C310E73AC1D420FB2,
					AC507AC5036772921C697F67,
					67EFF6ABC4641E0B20BAE8BC,
					6885AEF2997868BECC92D7F6,
					4335E45B95C1A17E06D62185, ); runOnlyForDeploymentPostprocessing = 0; };
		CEA49C9C2D73DA3867849B44 = {isa = PBXNativeTarget; buildConfigurationList = 2AF48FEC9615F03F99EB537F; buildPhases = (
					5F73242A3DF0C74D159D258F,
					EB1738E273A55B584F2808CA,
					A2802E963F5242FC1CB1B28F, ); buildRules = ( ); dependencies = (
					D8A76F5E0E38C7BBA3741B16, ); name = "Lazarus - VST"; productName = Lazarus; productReference = 464C78A0F5ADED03B9C627B9; productType = "com.apple.product-type.bundle"; };
		D59D790494164A5D371D9A3C = {isa = XCConfigurationList; buildConfigurations = (
					DC3223E05AE8286AB742B20C,
					70D83CD43225C77A070F1614, ); defaultConfigurationIsVisible = 0; defaultConfigurationName = Debug; };
		0EEDC0837DC0B0FDB2D3AC07 = {isa = PBXResourcesBuildPhase; buildActionMask = 2147483647; files = (
					42C7DFBFDB27A0E1DFFD10CC, ); runOnlyForDeploymentPostprocessing = 0; };
		CAA00EBD64ABC38D8B2E74C0 = {isa = PBXRezBuildPhase; buildActionMask = 2147483647; files = (
					D85C78548187B0B872E13E42, ); runOnlyForDeploymentPostprocessing = 0; };
		3415869A139C121102856E78 = {isa = PBXSourcesBuildPhase; buildActionMask = 2147483647; files = (
					BC166A12FFCB829926E5B799,
					83E34D291B5482FDBCEE6D9B, ); runOnlyForDeploymentPostprocessing = 0; };
		C338C2B6A51FAF6522B95728 = {isa = PBXFrameworksBuildPhase; buildActionMask = 2147483647; files = (
					0F4434948CCA19EE1283CDD6,
					00A721BA4F21C0D8F604EE63,
					231D86234B1EE7B97AD4A84A,
					DA6B75528567751CD1EF1821,
					4538673094F16CED1931975B,
					14A01C8EB3135C7DB4E0FEA7,
					717C609CD5929328EFB76047,
					4949624E27A1689D496EA389,
					E3044525ADB643C8667E729F,
					1D816D56B6C66942FCA0B079,
					40C1670980D22A3DA2E7050A,
					821F034C310E73AC1D420FB2,
					AC507AC5036772921C697F67,
					67EFF6ABC4641E0B20BAE8BC,
					6885AEF2997868BECC92D7F6,
					4335E45B95C1A17E06D62185, ); runOnlyForDeploymentPostprocessing = 0; };
		A419C566C61946ABECD758A9 = {isa = PBXNativeTarget; buildConfigurationList = D59D790494164A5D371D9A3C; buildPhases = (
					0EEDC0837DC0B0FDB2D3AC07,
					CAA00EBD64ABC38D8B2E74C0,
					3415869A139C121102856E78,
					C338C2B6A51FAF6522B95728, ); buildRules = ( ); dependencies = (
					D8A76F5E0E38C7BBA3741B16, ); name = "Lazarus - AU"; productName = Lazarus; productReference = BA71CE092B560B087F4624F8; productType = "com.apple.product-type.bundle"; };
		EFAC91E5F6C74AD6EC5A96BC = {isa = XCConfigurationList; buildConfigurations = (
					47A8939F8CCFAE444D438415,
					40910EFC7449ECAEE0FECA85, ); defaultConfigurationIsVisible = 0; defaultConfigurationName = Debug; };
		32DFB126581402FE5D0060A9 = {isa = PBXResourcesBuildPhase; buildActionMask = 2147483647; files = (
					42C7DFBFDB27A0E1DFFD10CC, ); runOnlyForDeploymentPostprocessing = 0; };
		87F799C33E2787FADB73548E = {isa = PBXSourcesBuildPhase; buildActionMask = 2147483647; files = (
					9581935A8E24A6D89BCEB2FD, ); runOnlyForDeploymentPostprocessing = 0; };
		A2974545CDE26DBBDEB0FE17 = {isa = PBXFrameworksBuildPhase; buildActionMask = 2147483647; files = (
					0F4434948CCA19EE1283CDD6,
					00A721BA4F21C0D8F604EE63,
					DA6B75528567751CD1EF1821,
					4538673094F16CED1931975B,
					14A01C8EB3135C7DB4E0FEA7,
					717C609CD5929328EFB76047,
					4949624E27A1689D496EA389,
					1D816D56B6C66942FCA0B079,
					40C1670980D22A3DA2E7050A,
					821F034C310E73AC1D420FB2,
					AC507AC5036772921C697F67,
					67EFF6ABC4641E0B20BAE8BC,
					6885AEF2997868BECC92D7F6,
					4335E45B95C1A17E06D62185, ); runOnlyForDeploymentPostprocessing = 0; };
		3F9CCE0304CF4B5714778A4D = {isa = PBXNativeTarget; buildConfigurationList = EFAC91E5F6C74AD6EC5A96BC; buildPhases = (
					32DFB126581402FE5D0060A9,
					87F799C33E2787FADB73548E,
					A2974545CDE26DBBDEB0FE17, ); buildRules = ( ); dependencies = (
					D8A76F5E0E38C7BBA3741B16, ); name = "Lazarus - Standalone Plugin"; productName = Lazarus; productReference = 9BE9BE3D8F348F70907FCA1B; productType = "com.apple.product-type.application"; };
		F72FACF2037C810CD8F935BF = {isa = XCConfigurationList; buildConfigurations = (
					7B8F29EC86668F6C32FBC7DB,
					F0C1369E9BCBF83D6C7A5431, ); defaultConfigurationIsVisible = 0; defaultConfigurationName = Debug; };
		464A167C2835F066F20489D0 = {isa = PBXSourcesBuildPhase; buildActionMask = 2147483647; files = (
					8CDEE87BB99F182DE0E42BC4,
					D58BB2477D318A153F54EE16,
					4BD90FA89CF4C1674CB17B2D,
					63CB43EDC74F346436BE02E3,
					6FF5DDAA0B526207427951C4,
					78C4EADC7027B12B705D9750,
					38314726B31344F4CF98933F,
					F3980B01FB032452D2266613,
					A4B3D0EBF00D0C3085235B2D,
					4A1C73CBA4676B4CCDD7A64D,
					FFD5847425CE3F166A69355E,
					1CC5AA957A2E3476E8C432D3,
					616F29365A78524F10D569AA,
					B22EB0A42D892D3D7E27DB08,
					67F87B2AF35C43B19592EF27,
					88529BD548A969BF936E6748,
					A0CE702B9ACE7C396D901D77,
					4E8C838E46054EBE6CD4B6A1, ); runOnlyForDeploymentPostprocessing = 0; };
		7111E4D2694358B278BF7476 = {isa = PBXNativeTarget; buildConfigurationList = F72FACF2037C810CD8F935BF; buildPhases = (
					464A167C2835F066F20489D0, ); buildRules = ( ); dependencies = (  ); name = "Lazarus - Shared Code"; productName = Lazarus; productReference = 6C88487D658F704A58C4B938; productType = "com.apple.product-type.library.static"; };
		737692B8CC0CFD921FA0B201 = {isa = PBXProject; buildConfigurationList = B695E6B785A980513D8748EE; attributes = { LastUpgradeCheck = 0830; TargetAttributes = { D33A0D2E7E7E0A3AD64AE27D = { SystemCapabilities = {com.apple.ApplicationGroups.iOS = { enabled = 0; }; com.apple.InAppPurchase = { enabled = 0; }; com.apple.InterAppAudio = { enabled = 0; }; com.apple.Push = { enabled = 0; }; com.apple.Sandbox = { enabled = 0; }; }; };CEA49C9C2D73DA3867849B44 = { SystemCapabilities = {com.apple.ApplicationGroups.iOS = { enabled = 0; }; com.apple.InAppPurchase = { enabled = 0; }; com.apple.InterAppAudio = { enabled = 0; }; com.apple.Push = { enabled = 0; }; com.apple.Sandbox = { enabled = 0; }; }; };A419C566C61946ABECD758A9 = { SystemCapabilities = {com.apple.ApplicationGroups.iOS = { enabled = 0; }; com.apple.InAppPurchase = { enabled = 0; }; com.apple.InterAppAudio = { enabled = 0; }; com.apple.Push = { enabled = 0; }; com.apple.Sandbox = { enabled = 0; }; }; };3F9CCE0304CF4B5714778A4D = { SystemCapabilities = {com.apple.ApplicationGroups.iOS = { enabled = 0; }; com.apple.InAppPurchase = { enabled = 0; }; com.apple.InterAppAudio = { enabled = 0; }; com.apple.Push = { enabled = 0; }; com.apple.Sandbox = { enabled = 0; }; }; };7111E4D2694358B278BF7476 = { SystemCapabilities = {com.apple.ApplicationGroups.iOS = { enabled = 0; }; com.apple.InAppPurchase = { enabled = 0; }; com.apple.InterAppAudio = { enabled = 0; }; com.apple.Push = { enabled = 0; }; com.apple.Sandbox = { enabled = 0; }; }; }; }; }; compatibilityVersion = "Xcode 3.2"; hasScannedForEncodings = 0; mainGroup = DEBAE5BBB5D407ADC1D44470; projectDirPath = ""; projectRoot = ""; targets = (D33A0D2E7E7E0A3AD64AE27D, CEA49C9C2D73DA3867849B44, A419C566C61946ABECD758A9, 3F9CCE0304CF4B5714778A4D, 7111E4D2694358B278BF7476); };
	};
	rootObject = 737692B8CC0CFD921FA0B201;
}
