// !$*UTF8*$!
{
	archiveVersion = 1;
	classes = {
	};
	objectVersion = 46;
	objects = {

/* Begin PBXAggregateTarget section */
		D33A0D2E7E7E0A3AD64AE27D /* Lazarus - All */ = {
			isa = PBXAggregateTarget;
			buildConfigurationList = 87C250E50FA3C1F18434FD61 /* Build configuration list for PBXAggregateTarget "Lazarus - All" */;
			buildPhases = (
			);
			dependencies = (
				50AE0946B63C5883D3F52B41 /* PBXTargetDependency */,
				9376B99480BA6C8B5FBBA083 /* PBXTargetDependency */,
				DECAFF79D418C3F73E12C3AC /* PBXTargetDependency */,
				D8A76F5E0E38C7BBA3741B16 /* PBXTargetDependency */,
			);
			name = "Lazarus - All";
			productName = Lazarus;
		};
/* End PBXAggregateTarget section */

/* Begin PBXBuildFile section */
		00A721BA4F21C0D8F604EE63 /* AudioToolbox.framework in Frameworks */ = {isa = PBXBuildFile; fileRef = 43A75634DE308552C8758D56 /* AudioToolbox.framework */; };
		055CB612E6FD827F47E0B067 /* include_juce_audio_plugin_client_VST2.cpp in Sources */ = {isa = PBXBuildFile; fileRef = A3910A0733A4159FF5964AAE /* include_juce_audio_plugin_client_VST2.cpp */; };
		0F4434948CCA19EE1283CDD6 /* Accelerate.framework in Frameworks */ = {isa = PBXBuildFile; fileRef = 7431CAC2C3D3A2BF7EE05F03 /* Accelerate.framework */; };
		14A01C8EB3135C7DB4E0FEA7 /* Carbon.framework in Frameworks */ = {isa = PBXBuildFile; fileRef = 08E92F47CAAB0CA463E174EC /* Carbon.framework */; };
		1CC5AA957A2E3476E8C432D3 /* include_juce_data_structures.mm in Sources */ = {isa = PBXBuildFile; fileRef = FD3C4D4D973A6DE2B0A797A7 /* include_juce_data_structures.mm */; };
		1D816D56B6C66942FCA0B079 /* CoreMedia.framework in Frameworks */ = {isa = PBXBuildFile; fileRef = 84F13801A5F4A3AE9AE33439 /* CoreMedia.framework */; };
		231D86234B1EE7B97AD4A84A /* AudioUnit.framework in Frameworks */ = {isa = PBXBuildFile; fileRef = 56BB16C98DEC124804FBA6E5 /* AudioUnit.framework */; };
		359EAE041F58CAB900DBF805 /* RecentFilesMenuTemplate.nib in Resources */ = {isa = PBXBuildFile; fileRef = B066D43D2D100CB2AC07F8D0 /* RecentFilesMenuTemplate.nib */; };
		359EAE051F58CAB900DBF805 /* Accelerate.framework in Frameworks */ = {isa = PBXBuildFile; fileRef = 7431CAC2C3D3A2BF7EE05F03 /* Accelerate.framework */; };
		359EAE061F58CAB900DBF805 /* AudioToolbox.framework in Frameworks */ = {isa = PBXBuildFile; fileRef = 43A75634DE308552C8758D56 /* AudioToolbox.framework */; };
		359EAE071F58CAB900DBF805 /* AVFoundation.framework in Frameworks */ = {isa = PBXBuildFile; fileRef = E811ADE6FF4E014493FDC8FD /* AVFoundation.framework */; };
		359EAE081F58CAB900DBF805 /* AVKit.framework in Frameworks */ = {isa = PBXBuildFile; fileRef = EA898C7305BEB152B3413481 /* AVKit.framework */; };
		359EAE091F58CAB900DBF805 /* Carbon.framework in Frameworks */ = {isa = PBXBuildFile; fileRef = 08E92F47CAAB0CA463E174EC /* Carbon.framework */; };
		359EAE0A1F58CAB900DBF805 /* Cocoa.framework in Frameworks */ = {isa = PBXBuildFile; fileRef = 25DDDED22570B01A61D1F195 /* Cocoa.framework */; };
		359EAE0B1F58CAB900DBF805 /* CoreAudio.framework in Frameworks */ = {isa = PBXBuildFile; fileRef = C8FEE62D3738255A1019A3B0 /* CoreAudio.framework */; };
		359EAE0C1F58CAB900DBF805 /* CoreMedia.framework in Frameworks */ = {isa = PBXBuildFile; fileRef = 84F13801A5F4A3AE9AE33439 /* CoreMedia.framework */; };
		359EAE0D1F58CAB900DBF805 /* CoreMIDI.framework in Frameworks */ = {isa = PBXBuildFile; fileRef = 3D7AD804D840D6A8B0080B00 /* CoreMIDI.framework */; };
		359EAE0E1F58CAB900DBF805 /* DiscRecording.framework in Frameworks */ = {isa = PBXBuildFile; fileRef = DECD19C1EB02EE7C7F6F6866 /* DiscRecording.framework */; };
		359EAE0F1F58CAB900DBF805 /* IOKit.framework in Frameworks */ = {isa = PBXBuildFile; fileRef = 7068EA8F221323C8B107758C /* IOKit.framework */; };
		359EAE101F58CAB900DBF805 /* OpenGL.framework in Frameworks */ = {isa = PBXBuildFile; fileRef = 444A0B81FA66C3EB7EE800CF /* OpenGL.framework */; };
		359EAE111F58CAB900DBF805 /* QuartzCore.framework in Frameworks */ = {isa = PBXBuildFile; fileRef = C1591A07004352E74EE94CED /* QuartzCore.framework */; };
		359EAE121F58CAB900DBF805 /* WebKit.framework in Frameworks */ = {isa = PBXBuildFile; fileRef = B9F8600C6E1D18CDA0A62FA7 /* WebKit.framework */; };
		359EAE131F58CAB900DBF805 /* RecentFilesMenuTemplate.nib in Resources */ = {isa = PBXBuildFile; fileRef = B066D43D2D100CB2AC07F8D0 /* RecentFilesMenuTemplate.nib */; };
		359EAE141F58CAB900DBF805 /* Accelerate.framework in Frameworks */ = {isa = PBXBuildFile; fileRef = 7431CAC2C3D3A2BF7EE05F03 /* Accelerate.framework */; };
		359EAE151F58CAB900DBF805 /* AudioToolbox.framework in Frameworks */ = {isa = PBXBuildFile; fileRef = 43A75634DE308552C8758D56 /* AudioToolbox.framework */; };
		359EAE161F58CAB900DBF805 /* AVFoundation.framework in Frameworks */ = {isa = PBXBuildFile; fileRef = E811ADE6FF4E014493FDC8FD /* AVFoundation.framework */; };
		359EAE171F58CAB900DBF805 /* AVKit.framework in Frameworks */ = {isa = PBXBuildFile; fileRef = EA898C7305BEB152B3413481 /* AVKit.framework */; };
		359EAE181F58CAB900DBF805 /* Carbon.framework in Frameworks */ = {isa = PBXBuildFile; fileRef = 08E92F47CAAB0CA463E174EC /* Carbon.framework */; };
		359EAE191F58CAB900DBF805 /* Cocoa.framework in Frameworks */ = {isa = PBXBuildFile; fileRef = 25DDDED22570B01A61D1F195 /* Cocoa.framework */; };
		359EAE1A1F58CAB900DBF805 /* CoreAudio.framework in Frameworks */ = {isa = PBXBuildFile; fileRef = C8FEE62D3738255A1019A3B0 /* CoreAudio.framework */; };
		359EAE1B1F58CAB900DBF805 /* CoreMedia.framework in Frameworks */ = {isa = PBXBuildFile; fileRef = 84F13801A5F4A3AE9AE33439 /* CoreMedia.framework */; };
		359EAE1C1F58CAB900DBF805 /* CoreMIDI.framework in Frameworks */ = {isa = PBXBuildFile; fileRef = 3D7AD804D840D6A8B0080B00 /* CoreMIDI.framework */; };
		359EAE1D1F58CAB900DBF805 /* DiscRecording.framework in Frameworks */ = {isa = PBXBuildFile; fileRef = DECD19C1EB02EE7C7F6F6866 /* DiscRecording.framework */; };
		359EAE1E1F58CAB900DBF805 /* IOKit.framework in Frameworks */ = {isa = PBXBuildFile; fileRef = 7068EA8F221323C8B107758C /* IOKit.framework */; };
		359EAE1F1F58CAB900DBF805 /* OpenGL.framework in Frameworks */ = {isa = PBXBuildFile; fileRef = 444A0B81FA66C3EB7EE800CF /* OpenGL.framework */; };
		359EAE201F58CAB900DBF805 /* QuartzCore.framework in Frameworks */ = {isa = PBXBuildFile; fileRef = C1591A07004352E74EE94CED /* QuartzCore.framework */; };
		359EAE211F58CAB900DBF805 /* WebKit.framework in Frameworks */ = {isa = PBXBuildFile; fileRef = B9F8600C6E1D18CDA0A62FA7 /* WebKit.framework */; };
		359EAE281F58D49A00DBF805 /* Model.cpp in Sources */ = {isa = PBXBuildFile; fileRef = 359EAE261F58D49A00DBF805 /* Model.cpp */; };
		38314726B31344F4CF98933F /* include_juce_audio_plugin_client_VST_utils.mm in Sources */ = {isa = PBXBuildFile; fileRef = BB8172315CDE369D9E7DDA77 /* include_juce_audio_plugin_client_VST_utils.mm */; };
		40C1670980D22A3DA2E7050A /* CoreMIDI.framework in Frameworks */ = {isa = PBXBuildFile; fileRef = 3D7AD804D840D6A8B0080B00 /* CoreMIDI.framework */; };
		42C7DFBFDB27A0E1DFFD10CC /* RecentFilesMenuTemplate.nib in Resources */ = {isa = PBXBuildFile; fileRef = B066D43D2D100CB2AC07F8D0 /* RecentFilesMenuTemplate.nib */; };
		4335E45B95C1A17E06D62185 /* WebKit.framework in Frameworks */ = {isa = PBXBuildFile; fileRef = B9F8600C6E1D18CDA0A62FA7 /* WebKit.framework */; };
		4538673094F16CED1931975B /* AVKit.framework in Frameworks */ = {isa = PBXBuildFile; fileRef = EA898C7305BEB152B3413481 /* AVKit.framework */; };
		4949624E27A1689D496EA389 /* CoreAudio.framework in Frameworks */ = {isa = PBXBuildFile; fileRef = C8FEE62D3738255A1019A3B0 /* CoreAudio.framework */; };
		4A1C73CBA4676B4CCDD7A64D /* include_juce_core.mm in Sources */ = {isa = PBXBuildFile; fileRef = 854E4764666D3D389B0F0A68 /* include_juce_core.mm */; };
		4BD90FA89CF4C1674CB17B2D /* include_juce_audio_basics.mm in Sources */ = {isa = PBXBuildFile; fileRef = FBBB0A5233E9ED775EC6A287 /* include_juce_audio_basics.mm */; };
		4E8C838E46054EBE6CD4B6A1 /* include_juce_video.mm in Sources */ = {isa = PBXBuildFile; fileRef = 9BC8DAA8283E6CD60AC85CD8 /* include_juce_video.mm */; };
		59672461AAA28A05B7F999D3 /* SoundfontSynthVoice.cpp in Sources */ = {isa = PBXBuildFile; fileRef = 596722904181D85873BE2B4E /* SoundfontSynthVoice.cpp */; };
		5967291A562D16D6861E97C2 /* SoundfontSynthSound.cpp in Sources */ = {isa = PBXBuildFile; fileRef = 59672ACB08865F9E7E6E17AB /* SoundfontSynthSound.cpp */; };
		616F29365A78524F10D569AA /* include_juce_events.mm in Sources */ = {isa = PBXBuildFile; fileRef = 4237CC36A25BEE39597B8AF0 /* include_juce_events.mm */; };
		63CB43EDC74F346436BE02E3 /* include_juce_audio_devices.mm in Sources */ = {isa = PBXBuildFile; fileRef = 0312B2D7C03F6B2D6853C282 /* include_juce_audio_devices.mm */; };
		67EFF6ABC4641E0B20BAE8BC /* OpenGL.framework in Frameworks */ = {isa = PBXBuildFile; fileRef = 444A0B81FA66C3EB7EE800CF /* OpenGL.framework */; };
		67F87B2AF35C43B19592EF27 /* include_juce_gui_basics.mm in Sources */ = {isa = PBXBuildFile; fileRef = BCCA48E46B7C83E2EFA4BADA /* include_juce_gui_basics.mm */; };
		6885AEF2997868BECC92D7F6 /* QuartzCore.framework in Frameworks */ = {isa = PBXBuildFile; fileRef = C1591A07004352E74EE94CED /* QuartzCore.framework */; };
		6FF5DDAA0B526207427951C4 /* include_juce_audio_formats.mm in Sources */ = {isa = PBXBuildFile; fileRef = 74EFE2DCFB20CCDD9E0AC854 /* include_juce_audio_formats.mm */; };
		717C609CD5929328EFB76047 /* Cocoa.framework in Frameworks */ = {isa = PBXBuildFile; fileRef = 25DDDED22570B01A61D1F195 /* Cocoa.framework */; };
		78C4EADC7027B12B705D9750 /* include_juce_audio_plugin_client_utils.cpp in Sources */ = {isa = PBXBuildFile; fileRef = D8473890DA2C1ECFE1590C48 /* include_juce_audio_plugin_client_utils.cpp */; };
		821F034C310E73AC1D420FB2 /* DiscRecording.framework in Frameworks */ = {isa = PBXBuildFile; fileRef = DECD19C1EB02EE7C7F6F6866 /* DiscRecording.framework */; };
		83E34D291B5482FDBCEE6D9B /* include_juce_audio_plugin_client_AU_2.mm in Sources */ = {isa = PBXBuildFile; fileRef = 473D4289E6FAB8F1378E0143 /* include_juce_audio_plugin_client_AU_2.mm */; };
		88529BD548A969BF936E6748 /* include_juce_gui_extra.mm in Sources */ = {isa = PBXBuildFile; fileRef = C67671B24B0628F051EE294C /* include_juce_gui_extra.mm */; };
		8CDEE87BB99F182DE0E42BC4 /* PluginProcessor.cpp in Sources */ = {isa = PBXBuildFile; fileRef = B15CBD3F8E3D6F32E0010BB2 /* PluginProcessor.cpp */; };
		9581935A8E24A6D89BCEB2FD /* include_juce_audio_plugin_client_Standalone.cpp in Sources */ = {isa = PBXBuildFile; fileRef = 6A02B6478C13247FE91DC46F /* include_juce_audio_plugin_client_Standalone.cpp */; };
		A0CE702B9ACE7C396D901D77 /* include_juce_opengl.mm in Sources */ = {isa = PBXBuildFile; fileRef = 688CB94A2617238091A2FA2C /* include_juce_opengl.mm */; };
		A4B3D0EBF00D0C3085235B2D /* include_juce_audio_utils.mm in Sources */ = {isa = PBXBuildFile; fileRef = 5E05314461B2FBDEED99EAB5 /* include_juce_audio_utils.mm */; };
		AC507AC5036772921C697F67 /* IOKit.framework in Frameworks */ = {isa = PBXBuildFile; fileRef = 7068EA8F221323C8B107758C /* IOKit.framework */; };
		B22EB0A42D892D3D7E27DB08 /* include_juce_graphics.mm in Sources */ = {isa = PBXBuildFile; fileRef = 65DDDD509761D84053B53687 /* include_juce_graphics.mm */; };
		BC166A12FFCB829926E5B799 /* include_juce_audio_plugin_client_AU_1.mm in Sources */ = {isa = PBXBuildFile; fileRef = D0ADFBD4B55DD7AAD03866CE /* include_juce_audio_plugin_client_AU_1.mm */; };
		D58BB2477D318A153F54EE16 /* PluginEditor.cpp in Sources */ = {isa = PBXBuildFile; fileRef = 85FE7832B57957E69EE988FD /* PluginEditor.cpp */; };
		D85C78548187B0B872E13E42 /* include_juce_audio_plugin_client_AU.r in Rez */ = {isa = PBXBuildFile; fileRef = 8246C229BE25119D47BE53FF /* include_juce_audio_plugin_client_AU.r */; };
		DA6B75528567751CD1EF1821 /* AVFoundation.framework in Frameworks */ = {isa = PBXBuildFile; fileRef = E811ADE6FF4E014493FDC8FD /* AVFoundation.framework */; };
		E3044525ADB643C8667E729F /* CoreAudioKit.framework in Frameworks */ = {isa = PBXBuildFile; fileRef = FB62F5424C478548E1765F41 /* CoreAudioKit.framework */; };
		F3980B01FB032452D2266613 /* include_juce_audio_processors.mm in Sources */ = {isa = PBXBuildFile; fileRef = 941C271B015C5F5A8A7E6785 /* include_juce_audio_processors.mm */; };
		FFD5847425CE3F166A69355E /* include_juce_cryptography.mm in Sources */ = {isa = PBXBuildFile; fileRef = 467E06C6A606920FCA4BC918 /* include_juce_cryptography.mm */; };
/* End PBXBuildFile section */

/* Begin PBXContainerItemProxy section */
		359EAE221F58CABB00DBF805 /* PBXContainerItemProxy */ = {
			isa = PBXContainerItemProxy;
			containerPortal = 737692B8CC0CFD921FA0B201 /* Project object */;
			proxyType = 1;
			remoteGlobalIDString = 7111E4D2694358B278BF7476;
			remoteInfo = "Lazarus - Shared Code";
		};
		359EAE231F58CABC00DBF805 /* PBXContainerItemProxy */ = {
			isa = PBXContainerItemProxy;
			containerPortal = 737692B8CC0CFD921FA0B201 /* Project object */;
			proxyType = 1;
			remoteGlobalIDString = CEA49C9C2D73DA3867849B44;
			remoteInfo = "Lazarus - VST";
		};
		359EAE241F58CABC00DBF805 /* PBXContainerItemProxy */ = {
			isa = PBXContainerItemProxy;
			containerPortal = 737692B8CC0CFD921FA0B201 /* Project object */;
			proxyType = 1;
			remoteGlobalIDString = A419C566C61946ABECD758A9;
			remoteInfo = "Lazarus - AU";
		};
		359EAE251F58CABC00DBF805 /* PBXContainerItemProxy */ = {
			isa = PBXContainerItemProxy;
			containerPortal = 737692B8CC0CFD921FA0B201 /* Project object */;
			proxyType = 1;
			remoteGlobalIDString = 3F9CCE0304CF4B5714778A4D;
			remoteInfo = "Lazarus - Standalone Plugin";
		};
/* End PBXContainerItemProxy section */

/* Begin PBXFileReference section */
		0312B2D7C03F6B2D6853C282 /* include_juce_audio_devices.mm */ = {isa = PBXFileReference; lastKnownFileType = sourcecode.cpp.objcpp; name = include_juce_audio_devices.mm; path = ../../JuceLibraryCode/include_juce_audio_devices.mm; sourceTree = SOURCE_ROOT; };
		059786B3B376D336F9102D1D /* juce_video */ = {isa = PBXFileReference; lastKnownFileType = folder; name = juce_video; path = /Applications/JUCE/modules/juce_video; sourceTree = "<absolute>"; };
		08E92F47CAAB0CA463E174EC /* Carbon.framework */ = {isa = PBXFileReference; lastKnownFileType = wrapper.framework; name = Carbon.framework; path = System/Library/Frameworks/Carbon.framework; sourceTree = SDKROOT; };
		105457B32371F20D82A6F26B /* juce_cryptography */ = {isa = PBXFileReference; lastKnownFileType = folder; name = juce_cryptography; path = /Applications/JUCE/modules/juce_cryptography; sourceTree = "<absolute>"; };
		1DE781C2ADA44ABA5E6E586B /* juce_gui_extra */ = {isa = PBXFileReference; lastKnownFileType = folder; name = juce_gui_extra; path = /Applications/JUCE/modules/juce_gui_extra; sourceTree = "<absolute>"; };
		25DDDED22570B01A61D1F195 /* Cocoa.framework */ = {isa = PBXFileReference; lastKnownFileType = wrapper.framework; name = Cocoa.framework; path = System/Library/Frameworks/Cocoa.framework; sourceTree = SDKROOT; };
		32F266B4F65A1FD5EE5A0F32 /* juce_gui_basics */ = {isa = PBXFileReference; lastKnownFileType = folder; name = juce_gui_basics; path = /Applications/JUCE/modules/juce_gui_basics; sourceTree = "<absolute>"; };
		359EAE261F58D49A00DBF805 /* Model.cpp */ = {isa = PBXFileReference; fileEncoding = 4; lastKnownFileType = sourcecode.cpp.cpp; name = Model.cpp; path = ../../Source/Model.cpp; sourceTree = "<group>"; };
		359EAE271F58D49A00DBF805 /* Model.hpp */ = {isa = PBXFileReference; fileEncoding = 4; lastKnownFileType = sourcecode.cpp.h; name = Model.hpp; path = ../../Source/Model.hpp; sourceTree = "<group>"; };
		37BBD5043CD97BE35BD8D3BE /* Info-Standalone_Plugin.plist */ = {isa = PBXFileReference; lastKnownFileType = text.plist.xml; path = "Info-Standalone_Plugin.plist"; sourceTree = SOURCE_ROOT; };
		3D7AD804D840D6A8B0080B00 /* CoreMIDI.framework */ = {isa = PBXFileReference; lastKnownFileType = wrapper.framework; name = CoreMIDI.framework; path = System/Library/Frameworks/CoreMIDI.framework; sourceTree = SDKROOT; };
		4237CC36A25BEE39597B8AF0 /* include_juce_events.mm */ = {isa = PBXFileReference; lastKnownFileType = sourcecode.cpp.objcpp; name = include_juce_events.mm; path = ../../JuceLibraryCode/include_juce_events.mm; sourceTree = SOURCE_ROOT; };
		43A75634DE308552C8758D56 /* AudioToolbox.framework */ = {isa = PBXFileReference; lastKnownFileType = wrapper.framework; name = AudioToolbox.framework; path = System/Library/Frameworks/AudioToolbox.framework; sourceTree = SDKROOT; };
		444A0B81FA66C3EB7EE800CF /* OpenGL.framework */ = {isa = PBXFileReference; lastKnownFileType = wrapper.framework; name = OpenGL.framework; path = System/Library/Frameworks/OpenGL.framework; sourceTree = SDKROOT; };
		464C78A0F5ADED03B9C627B9 /* Lazarus.vst */ = {isa = PBXFileReference; explicitFileType = wrapper.cfbundle; includeInIndex = 0; path = Lazarus.vst; sourceTree = BUILT_PRODUCTS_DIR; };
		467E06C6A606920FCA4BC918 /* include_juce_cryptography.mm */ = {isa = PBXFileReference; lastKnownFileType = sourcecode.cpp.objcpp; name = include_juce_cryptography.mm; path = ../../JuceLibraryCode/include_juce_cryptography.mm; sourceTree = SOURCE_ROOT; };
		473D4289E6FAB8F1378E0143 /* include_juce_audio_plugin_client_AU_2.mm */ = {isa = PBXFileReference; lastKnownFileType = sourcecode.cpp.objcpp; name = include_juce_audio_plugin_client_AU_2.mm; path = ../../JuceLibraryCode/include_juce_audio_plugin_client_AU_2.mm; sourceTree = SOURCE_ROOT; };
		56BB16C98DEC124804FBA6E5 /* AudioUnit.framework */ = {isa = PBXFileReference; lastKnownFileType = wrapper.framework; name = AudioUnit.framework; path = System/Library/Frameworks/AudioUnit.framework; sourceTree = SDKROOT; };
		596722904181D85873BE2B4E /* SoundfontSynthVoice.cpp */ = {isa = PBXFileReference; fileEncoding = 4; lastKnownFileType = sourcecode.cpp.cpp; name = SoundfontSynthVoice.cpp; path = ../../Source/SoundfontSynthVoice.cpp; sourceTree = "<group>"; };
		596722D9B25B1FDD25BC34BA /* SoundfontSynthVoice.h */ = {isa = PBXFileReference; fileEncoding = 4; lastKnownFileType = sourcecode.c.h; name = SoundfontSynthVoice.h; path = ../../Source/SoundfontSynthVoice.h; sourceTree = "<group>"; };
		59672ACB08865F9E7E6E17AB /* SoundfontSynthSound.cpp */ = {isa = PBXFileReference; fileEncoding = 4; lastKnownFileType = sourcecode.cpp.cpp; name = SoundfontSynthSound.cpp; path = ../../Source/SoundfontSynthSound.cpp; sourceTree = "<group>"; };
		59672F262A54820ABB972C52 /* SoundfontSynthSound.h */ = {isa = PBXFileReference; fileEncoding = 4; lastKnownFileType = sourcecode.c.h; name = SoundfontSynthSound.h; path = ../../Source/SoundfontSynthSound.h; sourceTree = "<group>"; };
		5E05314461B2FBDEED99EAB5 /* include_juce_audio_utils.mm */ = {isa = PBXFileReference; lastKnownFileType = sourcecode.cpp.objcpp; name = include_juce_audio_utils.mm; path = ../../JuceLibraryCode/include_juce_audio_utils.mm; sourceTree = SOURCE_ROOT; };
		5F86E4C362EE844E3DC234FE /* juce_graphics */ = {isa = PBXFileReference; lastKnownFileType = folder; name = juce_graphics; path = /Applications/JUCE/modules/juce_graphics; sourceTree = "<absolute>"; };
		65DDDD509761D84053B53687 /* include_juce_graphics.mm */ = {isa = PBXFileReference; lastKnownFileType = sourcecode.cpp.objcpp; name = include_juce_graphics.mm; path = ../../JuceLibraryCode/include_juce_graphics.mm; sourceTree = SOURCE_ROOT; };
		66575965488C07696D816A35 /* juce_audio_utils */ = {isa = PBXFileReference; lastKnownFileType = folder; name = juce_audio_utils; path = /Applications/JUCE/modules/juce_audio_utils; sourceTree = "<absolute>"; };
		68202A6B12D9069818E4CB3D /* Lazarus.entitlements */ = {isa = PBXFileReference; lastKnownFileType = text.plist.xml; path = Lazarus.entitlements; sourceTree = SOURCE_ROOT; };
		688CB94A2617238091A2FA2C /* include_juce_opengl.mm */ = {isa = PBXFileReference; lastKnownFileType = sourcecode.cpp.objcpp; name = include_juce_opengl.mm; path = ../../JuceLibraryCode/include_juce_opengl.mm; sourceTree = SOURCE_ROOT; };
		6A02B6478C13247FE91DC46F /* include_juce_audio_plugin_client_Standalone.cpp */ = {isa = PBXFileReference; lastKnownFileType = sourcecode.cpp.cpp; name = include_juce_audio_plugin_client_Standalone.cpp; path = ../../JuceLibraryCode/include_juce_audio_plugin_client_Standalone.cpp; sourceTree = SOURCE_ROOT; };
		6AAD065CF746E06CBD788C36 /* juce_opengl */ = {isa = PBXFileReference; lastKnownFileType = folder; name = juce_opengl; path = /Applications/JUCE/modules/juce_opengl; sourceTree = "<absolute>"; };
		6C88487D658F704A58C4B938 /* libLazarus.a */ = {isa = PBXFileReference; explicitFileType = archive.ar; includeInIndex = 0; path = libLazarus.a; sourceTree = BUILT_PRODUCTS_DIR; };
		7068EA8F221323C8B107758C /* IOKit.framework */ = {isa = PBXFileReference; lastKnownFileType = wrapper.framework; name = IOKit.framework; path = System/Library/Frameworks/IOKit.framework; sourceTree = SDKROOT; };
		7431CAC2C3D3A2BF7EE05F03 /* Accelerate.framework */ = {isa = PBXFileReference; lastKnownFileType = wrapper.framework; name = Accelerate.framework; path = System/Library/Frameworks/Accelerate.framework; sourceTree = SDKROOT; };
		74EFE2DCFB20CCDD9E0AC854 /* include_juce_audio_formats.mm */ = {isa = PBXFileReference; lastKnownFileType = sourcecode.cpp.objcpp; name = include_juce_audio_formats.mm; path = ../../JuceLibraryCode/include_juce_audio_formats.mm; sourceTree = SOURCE_ROOT; };
		8220C2F8769C9A27E9FD1B0D /* PluginProcessor.h */ = {isa = PBXFileReference; lastKnownFileType = sourcecode.c.h; name = PluginProcessor.h; path = ../../Source/PluginProcessor.h; sourceTree = SOURCE_ROOT; };
		8246C229BE25119D47BE53FF /* include_juce_audio_plugin_client_AU.r */ = {isa = PBXFileReference; lastKnownFileType = file.r; name = include_juce_audio_plugin_client_AU.r; path = ../../JuceLibraryCode/include_juce_audio_plugin_client_AU.r; sourceTree = SOURCE_ROOT; };
		831F430C2ED1C240EB5C1F12 /* juce_events */ = {isa = PBXFileReference; lastKnownFileType = folder; name = juce_events; path = /Applications/JUCE/modules/juce_events; sourceTree = "<absolute>"; };
		8348F65C4619BFC07F950A0A /* juce_data_structures */ = {isa = PBXFileReference; lastKnownFileType = folder; name = juce_data_structures; path = /Applications/JUCE/modules/juce_data_structures; sourceTree = "<absolute>"; };
		84F13801A5F4A3AE9AE33439 /* CoreMedia.framework */ = {isa = PBXFileReference; lastKnownFileType = wrapper.framework; name = CoreMedia.framework; path = System/Library/Frameworks/CoreMedia.framework; sourceTree = SDKROOT; };
		854E4764666D3D389B0F0A68 /* include_juce_core.mm */ = {isa = PBXFileReference; lastKnownFileType = sourcecode.cpp.objcpp; name = include_juce_core.mm; path = ../../JuceLibraryCode/include_juce_core.mm; sourceTree = SOURCE_ROOT; };
		85FE7832B57957E69EE988FD /* PluginEditor.cpp */ = {isa = PBXFileReference; lastKnownFileType = sourcecode.cpp.cpp; name = PluginEditor.cpp; path = ../../Source/PluginEditor.cpp; sourceTree = SOURCE_ROOT; };
		87D987A736B093585D26342F /* Info-VST.plist */ = {isa = PBXFileReference; lastKnownFileType = text.plist.xml; path = "Info-VST.plist"; sourceTree = SOURCE_ROOT; };
		881222D9F04AF378D35041A8 /* juce_audio_devices */ = {isa = PBXFileReference; lastKnownFileType = folder; name = juce_audio_devices; path = /Applications/JUCE/modules/juce_audio_devices; sourceTree = "<absolute>"; };
		88550F602A61A7D551AD9D6E /* JuceHeader.h */ = {isa = PBXFileReference; lastKnownFileType = sourcecode.c.h; name = JuceHeader.h; path = ../../JuceLibraryCode/JuceHeader.h; sourceTree = SOURCE_ROOT; };
		941C271B015C5F5A8A7E6785 /* include_juce_audio_processors.mm */ = {isa = PBXFileReference; lastKnownFileType = sourcecode.cpp.objcpp; name = include_juce_audio_processors.mm; path = ../../JuceLibraryCode/include_juce_audio_processors.mm; sourceTree = SOURCE_ROOT; };
		9BC8DAA8283E6CD60AC85CD8 /* include_juce_video.mm */ = {isa = PBXFileReference; lastKnownFileType = sourcecode.cpp.objcpp; name = include_juce_video.mm; path = ../../JuceLibraryCode/include_juce_video.mm; sourceTree = SOURCE_ROOT; };
		9BE9BE3D8F348F70907FCA1B /* Lazarus.app */ = {isa = PBXFileReference; explicitFileType = wrapper.application; includeInIndex = 0; path = Lazarus.app; sourceTree = BUILT_PRODUCTS_DIR; };
		A3910A0733A4159FF5964AAE /* include_juce_audio_plugin_client_VST2.cpp */ = {isa = PBXFileReference; lastKnownFileType = sourcecode.cpp.cpp; name = include_juce_audio_plugin_client_VST2.cpp; path = ../../JuceLibraryCode/include_juce_audio_plugin_client_VST2.cpp; sourceTree = SOURCE_ROOT; };
		A445D1BD0AE696F60D718B7D /* juce_audio_plugin_client */ = {isa = PBXFileReference; lastKnownFileType = folder; name = juce_audio_plugin_client; path = /Applications/JUCE/modules/juce_audio_plugin_client; sourceTree = "<absolute>"; };
		B066D43D2D100CB2AC07F8D0 /* RecentFilesMenuTemplate.nib */ = {isa = PBXFileReference; lastKnownFileType = file.nib; path = RecentFilesMenuTemplate.nib; sourceTree = SOURCE_ROOT; };
		B15CBD3F8E3D6F32E0010BB2 /* PluginProcessor.cpp */ = {isa = PBXFileReference; lastKnownFileType = sourcecode.cpp.cpp; name = PluginProcessor.cpp; path = ../../Source/PluginProcessor.cpp; sourceTree = SOURCE_ROOT; };
		B9F8600C6E1D18CDA0A62FA7 /* WebKit.framework */ = {isa = PBXFileReference; lastKnownFileType = wrapper.framework; name = WebKit.framework; path = System/Library/Frameworks/WebKit.framework; sourceTree = SDKROOT; };
		BA71CE092B560B087F4624F8 /* Lazarus.component */ = {isa = PBXFileReference; explicitFileType = wrapper.cfbundle; includeInIndex = 0; path = Lazarus.component; sourceTree = BUILT_PRODUCTS_DIR; };
		BB8172315CDE369D9E7DDA77 /* include_juce_audio_plugin_client_VST_utils.mm */ = {isa = PBXFileReference; lastKnownFileType = sourcecode.cpp.objcpp; name = include_juce_audio_plugin_client_VST_utils.mm; path = ../../JuceLibraryCode/include_juce_audio_plugin_client_VST_utils.mm; sourceTree = SOURCE_ROOT; };
		BCCA48E46B7C83E2EFA4BADA /* include_juce_gui_basics.mm */ = {isa = PBXFileReference; lastKnownFileType = sourcecode.cpp.objcpp; name = include_juce_gui_basics.mm; path = ../../JuceLibraryCode/include_juce_gui_basics.mm; sourceTree = SOURCE_ROOT; };
		C0110DC6807BF35EEC338445 /* juce_core */ = {isa = PBXFileReference; lastKnownFileType = folder; name = juce_core; path = /Applications/JUCE/modules/juce_core; sourceTree = "<absolute>"; };
		C1591A07004352E74EE94CED /* QuartzCore.framework */ = {isa = PBXFileReference; lastKnownFileType = wrapper.framework; name = QuartzCore.framework; path = System/Library/Frameworks/QuartzCore.framework; sourceTree = SDKROOT; };
		C29123534664E72B53226523 /* juce_audio_basics */ = {isa = PBXFileReference; lastKnownFileType = folder; name = juce_audio_basics; path = /Applications/JUCE/modules/juce_audio_basics; sourceTree = "<absolute>"; };
		C67671B24B0628F051EE294C /* include_juce_gui_extra.mm */ = {isa = PBXFileReference; lastKnownFileType = sourcecode.cpp.objcpp; name = include_juce_gui_extra.mm; path = ../../JuceLibraryCode/include_juce_gui_extra.mm; sourceTree = SOURCE_ROOT; };
		C8FEE62D3738255A1019A3B0 /* CoreAudio.framework */ = {isa = PBXFileReference; lastKnownFileType = wrapper.framework; name = CoreAudio.framework; path = System/Library/Frameworks/CoreAudio.framework; sourceTree = SDKROOT; };
		D0ADFBD4B55DD7AAD03866CE /* include_juce_audio_plugin_client_AU_1.mm */ = {isa = PBXFileReference; lastKnownFileType = sourcecode.cpp.objcpp; name = include_juce_audio_plugin_client_AU_1.mm; path = ../../JuceLibraryCode/include_juce_audio_plugin_client_AU_1.mm; sourceTree = SOURCE_ROOT; };
		D8473890DA2C1ECFE1590C48 /* include_juce_audio_plugin_client_utils.cpp */ = {isa = PBXFileReference; lastKnownFileType = sourcecode.cpp.cpp; name = include_juce_audio_plugin_client_utils.cpp; path = ../../JuceLibraryCode/include_juce_audio_plugin_client_utils.cpp; sourceTree = SOURCE_ROOT; };
		DA59244872845D7293DA11F7 /* PluginEditor.h */ = {isa = PBXFileReference; lastKnownFileType = sourcecode.c.h; name = PluginEditor.h; path = ../../Source/PluginEditor.h; sourceTree = SOURCE_ROOT; };
		DECD19C1EB02EE7C7F6F6866 /* DiscRecording.framework */ = {isa = PBXFileReference; lastKnownFileType = wrapper.framework; name = DiscRecording.framework; path = System/Library/Frameworks/DiscRecording.framework; sourceTree = SDKROOT; };
		E811ADE6FF4E014493FDC8FD /* AVFoundation.framework */ = {isa = PBXFileReference; lastKnownFileType = wrapper.framework; name = AVFoundation.framework; path = System/Library/Frameworks/AVFoundation.framework; sourceTree = SDKROOT; };
		EA898C7305BEB152B3413481 /* AVKit.framework */ = {isa = PBXFileReference; lastKnownFileType = wrapper.framework; name = AVKit.framework; path = System/Library/Frameworks/AVKit.framework; sourceTree = SDKROOT; };
		EDE2D1AD95A9CEB7E3C73FA3 /* juce_audio_processors */ = {isa = PBXFileReference; lastKnownFileType = folder; name = juce_audio_processors; path = /Applications/JUCE/modules/juce_audio_processors; sourceTree = "<absolute>"; };
		F3BCC273322FFB96B83928BA /* Info-AU.plist */ = {isa = PBXFileReference; lastKnownFileType = text.plist.xml; path = "Info-AU.plist"; sourceTree = SOURCE_ROOT; };
		F5667F2AFE6B84D3413D2CD2 /* juce_audio_formats */ = {isa = PBXFileReference; lastKnownFileType = folder; name = juce_audio_formats; path = /Applications/JUCE/modules/juce_audio_formats; sourceTree = "<absolute>"; };
		F951D68BADD45569998D9E3E /* AppConfig.h */ = {isa = PBXFileReference; lastKnownFileType = sourcecode.c.h; name = AppConfig.h; path = ../../JuceLibraryCode/AppConfig.h; sourceTree = SOURCE_ROOT; };
		FB62F5424C478548E1765F41 /* CoreAudioKit.framework */ = {isa = PBXFileReference; lastKnownFileType = wrapper.framework; name = CoreAudioKit.framework; path = System/Library/Frameworks/CoreAudioKit.framework; sourceTree = SDKROOT; };
		FBBB0A5233E9ED775EC6A287 /* include_juce_audio_basics.mm */ = {isa = PBXFileReference; lastKnownFileType = sourcecode.cpp.objcpp; name = include_juce_audio_basics.mm; path = ../../JuceLibraryCode/include_juce_audio_basics.mm; sourceTree = SOURCE_ROOT; };
		FD3C4D4D973A6DE2B0A797A7 /* include_juce_data_structures.mm */ = {isa = PBXFileReference; lastKnownFileType = sourcecode.cpp.objcpp; name = include_juce_data_structures.mm; path = ../../JuceLibraryCode/include_juce_data_structures.mm; sourceTree = SOURCE_ROOT; };
/* End PBXFileReference section */

/* Begin PBXFrameworksBuildPhase section */
		A2802E963F5242FC1CB1B28F /* Frameworks */ = {
			isa = PBXFrameworksBuildPhase;
			buildActionMask = 2147483647;
			files = (
				0F4434948CCA19EE1283CDD6 /* Accelerate.framework in Frameworks */,
				00A721BA4F21C0D8F604EE63 /* AudioToolbox.framework in Frameworks */,
				DA6B75528567751CD1EF1821 /* AVFoundation.framework in Frameworks */,
				4538673094F16CED1931975B /* AVKit.framework in Frameworks */,
				14A01C8EB3135C7DB4E0FEA7 /* Carbon.framework in Frameworks */,
				717C609CD5929328EFB76047 /* Cocoa.framework in Frameworks */,
				4949624E27A1689D496EA389 /* CoreAudio.framework in Frameworks */,
				1D816D56B6C66942FCA0B079 /* CoreMedia.framework in Frameworks */,
				40C1670980D22A3DA2E7050A /* CoreMIDI.framework in Frameworks */,
				821F034C310E73AC1D420FB2 /* DiscRecording.framework in Frameworks */,
				AC507AC5036772921C697F67 /* IOKit.framework in Frameworks */,
				67EFF6ABC4641E0B20BAE8BC /* OpenGL.framework in Frameworks */,
				6885AEF2997868BECC92D7F6 /* QuartzCore.framework in Frameworks */,
				4335E45B95C1A17E06D62185 /* WebKit.framework in Frameworks */,
			);
			runOnlyForDeploymentPostprocessing = 0;
		};
		A2974545CDE26DBBDEB0FE17 /* Frameworks */ = {
			isa = PBXFrameworksBuildPhase;
			buildActionMask = 2147483647;
			files = (
				359EAE141F58CAB900DBF805 /* Accelerate.framework in Frameworks */,
				359EAE151F58CAB900DBF805 /* AudioToolbox.framework in Frameworks */,
				359EAE161F58CAB900DBF805 /* AVFoundation.framework in Frameworks */,
				359EAE171F58CAB900DBF805 /* AVKit.framework in Frameworks */,
				359EAE181F58CAB900DBF805 /* Carbon.framework in Frameworks */,
				359EAE191F58CAB900DBF805 /* Cocoa.framework in Frameworks */,
				359EAE1A1F58CAB900DBF805 /* CoreAudio.framework in Frameworks */,
				359EAE1B1F58CAB900DBF805 /* CoreMedia.framework in Frameworks */,
				359EAE1C1F58CAB900DBF805 /* CoreMIDI.framework in Frameworks */,
				359EAE1D1F58CAB900DBF805 /* DiscRecording.framework in Frameworks */,
				359EAE1E1F58CAB900DBF805 /* IOKit.framework in Frameworks */,
				359EAE1F1F58CAB900DBF805 /* OpenGL.framework in Frameworks */,
				359EAE201F58CAB900DBF805 /* QuartzCore.framework in Frameworks */,
				359EAE211F58CAB900DBF805 /* WebKit.framework in Frameworks */,
			);
			runOnlyForDeploymentPostprocessing = 0;
		};
		C338C2B6A51FAF6522B95728 /* Frameworks */ = {
			isa = PBXFrameworksBuildPhase;
			buildActionMask = 2147483647;
			files = (
				359EAE051F58CAB900DBF805 /* Accelerate.framework in Frameworks */,
				359EAE061F58CAB900DBF805 /* AudioToolbox.framework in Frameworks */,
				231D86234B1EE7B97AD4A84A /* AudioUnit.framework in Frameworks */,
				359EAE071F58CAB900DBF805 /* AVFoundation.framework in Frameworks */,
				359EAE081F58CAB900DBF805 /* AVKit.framework in Frameworks */,
				359EAE091F58CAB900DBF805 /* Carbon.framework in Frameworks */,
				359EAE0A1F58CAB900DBF805 /* Cocoa.framework in Frameworks */,
				359EAE0B1F58CAB900DBF805 /* CoreAudio.framework in Frameworks */,
				E3044525ADB643C8667E729F /* CoreAudioKit.framework in Frameworks */,
				359EAE0C1F58CAB900DBF805 /* CoreMedia.framework in Frameworks */,
				359EAE0D1F58CAB900DBF805 /* CoreMIDI.framework in Frameworks */,
				359EAE0E1F58CAB900DBF805 /* DiscRecording.framework in Frameworks */,
				359EAE0F1F58CAB900DBF805 /* IOKit.framework in Frameworks */,
				359EAE101F58CAB900DBF805 /* OpenGL.framework in Frameworks */,
				359EAE111F58CAB900DBF805 /* QuartzCore.framework in Frameworks */,
				359EAE121F58CAB900DBF805 /* WebKit.framework in Frameworks */,
			);
			runOnlyForDeploymentPostprocessing = 0;
		};
/* End PBXFrameworksBuildPhase section */

/* Begin PBXGroup section */
		3F847F0A58CB4B10E6A1D53D /* Source */ = {
			isa = PBXGroup;
			children = (
				B15CBD3F8E3D6F32E0010BB2 /* PluginProcessor.cpp */,
				8220C2F8769C9A27E9FD1B0D /* PluginProcessor.h */,
				85FE7832B57957E69EE988FD /* PluginEditor.cpp */,
				DA59244872845D7293DA11F7 /* PluginEditor.h */,
				359EAE261F58D49A00DBF805 /* Model.cpp */,
				359EAE271F58D49A00DBF805 /* Model.hpp */,
				59672ACB08865F9E7E6E17AB /* SoundfontSynthSound.cpp */,
				59672F262A54820ABB972C52 /* SoundfontSynthSound.h */,
				596722904181D85873BE2B4E /* SoundfontSynthVoice.cpp */,
				596722D9B25B1FDD25BC34BA /* SoundfontSynthVoice.h */,
			);
			name = Source;
			sourceTree = "<group>";
		};
		775D703E95EBF50116DE2408 /* Products */ = {
			isa = PBXGroup;
			children = (
				464C78A0F5ADED03B9C627B9 /* Lazarus.vst */,
				BA71CE092B560B087F4624F8 /* Lazarus.component */,
				9BE9BE3D8F348F70907FCA1B /* Lazarus.app */,
				6C88487D658F704A58C4B938 /* libLazarus.a */,
			);
			name = Products;
			sourceTree = "<group>";
		};
		7916483C6B8BCACF4E6386BF /* Juce Library Code */ = {
			isa = PBXGroup;
			children = (
				F951D68BADD45569998D9E3E /* AppConfig.h */,
				FBBB0A5233E9ED775EC6A287 /* include_juce_audio_basics.mm */,
				0312B2D7C03F6B2D6853C282 /* include_juce_audio_devices.mm */,
				74EFE2DCFB20CCDD9E0AC854 /* include_juce_audio_formats.mm */,
				8246C229BE25119D47BE53FF /* include_juce_audio_plugin_client_AU.r */,
				D0ADFBD4B55DD7AAD03866CE /* include_juce_audio_plugin_client_AU_1.mm */,
				473D4289E6FAB8F1378E0143 /* include_juce_audio_plugin_client_AU_2.mm */,
				6A02B6478C13247FE91DC46F /* include_juce_audio_plugin_client_Standalone.cpp */,
				D8473890DA2C1ECFE1590C48 /* include_juce_audio_plugin_client_utils.cpp */,
				BB8172315CDE369D9E7DDA77 /* include_juce_audio_plugin_client_VST_utils.mm */,
				A3910A0733A4159FF5964AAE /* include_juce_audio_plugin_client_VST2.cpp */,
				941C271B015C5F5A8A7E6785 /* include_juce_audio_processors.mm */,
				5E05314461B2FBDEED99EAB5 /* include_juce_audio_utils.mm */,
				854E4764666D3D389B0F0A68 /* include_juce_core.mm */,
				467E06C6A606920FCA4BC918 /* include_juce_cryptography.mm */,
				FD3C4D4D973A6DE2B0A797A7 /* include_juce_data_structures.mm */,
				4237CC36A25BEE39597B8AF0 /* include_juce_events.mm */,
				65DDDD509761D84053B53687 /* include_juce_graphics.mm */,
				BCCA48E46B7C83E2EFA4BADA /* include_juce_gui_basics.mm */,
				C67671B24B0628F051EE294C /* include_juce_gui_extra.mm */,
				688CB94A2617238091A2FA2C /* include_juce_opengl.mm */,
				9BC8DAA8283E6CD60AC85CD8 /* include_juce_video.mm */,
				88550F602A61A7D551AD9D6E /* JuceHeader.h */,
			);
			name = "Juce Library Code";
			sourceTree = "<group>";
		};
		82652203D97509CE146CD86D /* Frameworks */ = {
			isa = PBXGroup;
			children = (
				7431CAC2C3D3A2BF7EE05F03 /* Accelerate.framework */,
				43A75634DE308552C8758D56 /* AudioToolbox.framework */,
				56BB16C98DEC124804FBA6E5 /* AudioUnit.framework */,
				E811ADE6FF4E014493FDC8FD /* AVFoundation.framework */,
				EA898C7305BEB152B3413481 /* AVKit.framework */,
				08E92F47CAAB0CA463E174EC /* Carbon.framework */,
				25DDDED22570B01A61D1F195 /* Cocoa.framework */,
				C8FEE62D3738255A1019A3B0 /* CoreAudio.framework */,
				FB62F5424C478548E1765F41 /* CoreAudioKit.framework */,
				84F13801A5F4A3AE9AE33439 /* CoreMedia.framework */,
				3D7AD804D840D6A8B0080B00 /* CoreMIDI.framework */,
				DECD19C1EB02EE7C7F6F6866 /* DiscRecording.framework */,
				7068EA8F221323C8B107758C /* IOKit.framework */,
				444A0B81FA66C3EB7EE800CF /* OpenGL.framework */,
				C1591A07004352E74EE94CED /* QuartzCore.framework */,
				B9F8600C6E1D18CDA0A62FA7 /* WebKit.framework */,
			);
			name = Frameworks;
			sourceTree = "<group>";
		};
		B2A338F6C6A4B42FC9DC87BF /* Resources */ = {
			isa = PBXGroup;
			children = (
				87D987A736B093585D26342F /* Info-VST.plist */,
				F3BCC273322FFB96B83928BA /* Info-AU.plist */,
				37BBD5043CD97BE35BD8D3BE /* Info-Standalone_Plugin.plist */,
				B066D43D2D100CB2AC07F8D0 /* RecentFilesMenuTemplate.nib */,
			);
			name = Resources;
			sourceTree = "<group>";
		};
		DEBAE5BBB5D407ADC1D44470 /* Source */ = {
			isa = PBXGroup;
			children = (
				68202A6B12D9069818E4CB3D /* Lazarus.entitlements */,
				F2DFC4C856CF719D0EF54A84 /* Lazarus */,
				E0A744FE006418F60D25E617 /* Juce Modules */,
				7916483C6B8BCACF4E6386BF /* Juce Library Code */,
				B2A338F6C6A4B42FC9DC87BF /* Resources */,
				82652203D97509CE146CD86D /* Frameworks */,
				775D703E95EBF50116DE2408 /* Products */,
			);
			name = Source;
			sourceTree = "<group>";
		};
		E0A744FE006418F60D25E617 /* Juce Modules */ = {
			isa = PBXGroup;
			children = (
				C29123534664E72B53226523 /* juce_audio_basics */,
				881222D9F04AF378D35041A8 /* juce_audio_devices */,
				F5667F2AFE6B84D3413D2CD2 /* juce_audio_formats */,
				A445D1BD0AE696F60D718B7D /* juce_audio_plugin_client */,
				EDE2D1AD95A9CEB7E3C73FA3 /* juce_audio_processors */,
				66575965488C07696D816A35 /* juce_audio_utils */,
				C0110DC6807BF35EEC338445 /* juce_core */,
				105457B32371F20D82A6F26B /* juce_cryptography */,
				8348F65C4619BFC07F950A0A /* juce_data_structures */,
				831F430C2ED1C240EB5C1F12 /* juce_events */,
				5F86E4C362EE844E3DC234FE /* juce_graphics */,
				32F266B4F65A1FD5EE5A0F32 /* juce_gui_basics */,
				1DE781C2ADA44ABA5E6E586B /* juce_gui_extra */,
				6AAD065CF746E06CBD788C36 /* juce_opengl */,
				059786B3B376D336F9102D1D /* juce_video */,
			);
			name = "Juce Modules";
			sourceTree = "<group>";
		};
		F2DFC4C856CF719D0EF54A84 /* Lazarus */ = {
			isa = PBXGroup;
			children = (
				3F847F0A58CB4B10E6A1D53D /* Source */,
			);
			name = Lazarus;
			sourceTree = "<group>";
		};
/* End PBXGroup section */

/* Begin PBXNativeTarget section */
		3F9CCE0304CF4B5714778A4D /* Lazarus - Standalone Plugin */ = {
			isa = PBXNativeTarget;
			buildConfigurationList = EFAC91E5F6C74AD6EC5A96BC /* Build configuration list for PBXNativeTarget "Lazarus - Standalone Plugin" */;
			buildPhases = (
				32DFB126581402FE5D0060A9 /* Resources */,
				87F799C33E2787FADB73548E /* Sources */,
				A2974545CDE26DBBDEB0FE17 /* Frameworks */,
			);
			buildRules = (
			);
			dependencies = (
				D8A76F5E0E38C7BBA3741B16 /* PBXTargetDependency */,
			);
			name = "Lazarus - Standalone Plugin";
			productName = Lazarus;
			productReference = 9BE9BE3D8F348F70907FCA1B /* Lazarus.app */;
			productType = "com.apple.product-type.application";
		};
		7111E4D2694358B278BF7476 /* Lazarus - Shared Code */ = {
			isa = PBXNativeTarget;
			buildConfigurationList = F72FACF2037C810CD8F935BF /* Build configuration list for PBXNativeTarget "Lazarus - Shared Code" */;
			buildPhases = (
				464A167C2835F066F20489D0 /* Sources */,
			);
			buildRules = (
			);
			dependencies = (
			);
			name = "Lazarus - Shared Code";
			productName = Lazarus;
			productReference = 6C88487D658F704A58C4B938 /* libLazarus.a */;
			productType = "com.apple.product-type.library.static";
		};
		A419C566C61946ABECD758A9 /* Lazarus - AU */ = {
			isa = PBXNativeTarget;
			buildConfigurationList = D59D790494164A5D371D9A3C /* Build configuration list for PBXNativeTarget "Lazarus - AU" */;
			buildPhases = (
				0EEDC0837DC0B0FDB2D3AC07 /* Resources */,
				CAA00EBD64ABC38D8B2E74C0 /* Rez */,
				3415869A139C121102856E78 /* Sources */,
				C338C2B6A51FAF6522B95728 /* Frameworks */,
			);
			buildRules = (
			);
			dependencies = (
				D8A76F5E0E38C7BBA3741B16 /* PBXTargetDependency */,
			);
			name = "Lazarus - AU";
			productName = Lazarus;
			productReference = BA71CE092B560B087F4624F8 /* Lazarus.component */;
			productType = "com.apple.product-type.bundle";
		};
		CEA49C9C2D73DA3867849B44 /* Lazarus - VST */ = {
			isa = PBXNativeTarget;
			buildConfigurationList = 2AF48FEC9615F03F99EB537F /* Build configuration list for PBXNativeTarget "Lazarus - VST" */;
			buildPhases = (
				5F73242A3DF0C74D159D258F /* Resources */,
				EB1738E273A55B584F2808CA /* Sources */,
				A2802E963F5242FC1CB1B28F /* Frameworks */,
			);
			buildRules = (
			);
			dependencies = (
				D8A76F5E0E38C7BBA3741B16 /* PBXTargetDependency */,
			);
			name = "Lazarus - VST";
			productName = Lazarus;
			productReference = 464C78A0F5ADED03B9C627B9 /* Lazarus.vst */;
			productType = "com.apple.product-type.bundle";
		};
/* End PBXNativeTarget section */

/* Begin PBXProject section */
		737692B8CC0CFD921FA0B201 /* Project object */ = {
			isa = PBXProject;
			attributes = {
				LastUpgradeCheck = 0830;
				TargetAttributes = {
					3F9CCE0304CF4B5714778A4D = {
						SystemCapabilities = {
							com.apple.ApplicationGroups.iOS = {
								enabled = 0;
							};
							com.apple.InAppPurchase = {
								enabled = 0;
							};
							com.apple.InterAppAudio = {
								enabled = 0;
							};
							com.apple.Push = {
								enabled = 0;
							};
							com.apple.Sandbox = {
								enabled = 0;
							};
						};
					};
					7111E4D2694358B278BF7476 = {
						SystemCapabilities = {
							com.apple.ApplicationGroups.iOS = {
								enabled = 0;
							};
							com.apple.InAppPurchase = {
								enabled = 0;
							};
							com.apple.InterAppAudio = {
								enabled = 0;
							};
							com.apple.Push = {
								enabled = 0;
							};
							com.apple.Sandbox = {
								enabled = 0;
							};
						};
					};
					A419C566C61946ABECD758A9 = {
						SystemCapabilities = {
							com.apple.ApplicationGroups.iOS = {
								enabled = 0;
							};
							com.apple.InAppPurchase = {
								enabled = 0;
							};
							com.apple.InterAppAudio = {
								enabled = 0;
							};
							com.apple.Push = {
								enabled = 0;
							};
							com.apple.Sandbox = {
								enabled = 0;
							};
						};
					};
					CEA49C9C2D73DA3867849B44 = {
						SystemCapabilities = {
							com.apple.ApplicationGroups.iOS = {
								enabled = 0;
							};
							com.apple.InAppPurchase = {
								enabled = 0;
							};
							com.apple.InterAppAudio = {
								enabled = 0;
							};
							com.apple.Push = {
								enabled = 0;
							};
							com.apple.Sandbox = {
								enabled = 0;
							};
						};
					};
					D33A0D2E7E7E0A3AD64AE27D = {
						SystemCapabilities = {
							com.apple.ApplicationGroups.iOS = {
								enabled = 0;
							};
							com.apple.InAppPurchase = {
								enabled = 0;
							};
							com.apple.InterAppAudio = {
								enabled = 0;
							};
							com.apple.Push = {
								enabled = 0;
							};
							com.apple.Sandbox = {
								enabled = 0;
							};
						};
					};
				};
			};
			buildConfigurationList = B695E6B785A980513D8748EE /* Build configuration list for PBXProject "Lazarus" */;
			compatibilityVersion = "Xcode 3.2";
			developmentRegion = English;
			hasScannedForEncodings = 0;
			knownRegions = (
				en,
			);
			mainGroup = DEBAE5BBB5D407ADC1D44470 /* Source */;
			projectDirPath = "";
			projectRoot = "";
			targets = (
				D33A0D2E7E7E0A3AD64AE27D /* Lazarus - All */,
				CEA49C9C2D73DA3867849B44 /* Lazarus - VST */,
				A419C566C61946ABECD758A9 /* Lazarus - AU */,
				3F9CCE0304CF4B5714778A4D /* Lazarus - Standalone Plugin */,
				7111E4D2694358B278BF7476 /* Lazarus - Shared Code */,
			);
		};
/* End PBXProject section */

/* Begin PBXResourcesBuildPhase section */
		0EEDC0837DC0B0FDB2D3AC07 /* Resources */ = {
			isa = PBXResourcesBuildPhase;
			buildActionMask = 2147483647;
			files = (
				359EAE041F58CAB900DBF805 /* RecentFilesMenuTemplate.nib in Resources */,
			);
			runOnlyForDeploymentPostprocessing = 0;
		};
		32DFB126581402FE5D0060A9 /* Resources */ = {
			isa = PBXResourcesBuildPhase;
			buildActionMask = 2147483647;
			files = (
				359EAE131F58CAB900DBF805 /* RecentFilesMenuTemplate.nib in Resources */,
			);
			runOnlyForDeploymentPostprocessing = 0;
		};
		5F73242A3DF0C74D159D258F /* Resources */ = {
			isa = PBXResourcesBuildPhase;
			buildActionMask = 2147483647;
			files = (
				42C7DFBFDB27A0E1DFFD10CC /* RecentFilesMenuTemplate.nib in Resources */,
			);
			runOnlyForDeploymentPostprocessing = 0;
		};
/* End PBXResourcesBuildPhase section */

/* Begin PBXRezBuildPhase section */
		CAA00EBD64ABC38D8B2E74C0 /* Rez */ = {
			isa = PBXRezBuildPhase;
			buildActionMask = 2147483647;
			files = (
				D85C78548187B0B872E13E42 /* include_juce_audio_plugin_client_AU.r in Rez */,
			);
			runOnlyForDeploymentPostprocessing = 0;
		};
/* End PBXRezBuildPhase section */

/* Begin PBXSourcesBuildPhase section */
		3415869A139C121102856E78 /* Sources */ = {
			isa = PBXSourcesBuildPhase;
			buildActionMask = 2147483647;
			files = (
				BC166A12FFCB829926E5B799 /* include_juce_audio_plugin_client_AU_1.mm in Sources */,
				83E34D291B5482FDBCEE6D9B /* include_juce_audio_plugin_client_AU_2.mm in Sources */,
			);
			runOnlyForDeploymentPostprocessing = 0;
		};
		464A167C2835F066F20489D0 /* Sources */ = {
			isa = PBXSourcesBuildPhase;
			buildActionMask = 2147483647;
			files = (
				8CDEE87BB99F182DE0E42BC4 /* PluginProcessor.cpp in Sources */,
				D58BB2477D318A153F54EE16 /* PluginEditor.cpp in Sources */,
				4BD90FA89CF4C1674CB17B2D /* include_juce_audio_basics.mm in Sources */,
				63CB43EDC74F346436BE02E3 /* include_juce_audio_devices.mm in Sources */,
				6FF5DDAA0B526207427951C4 /* include_juce_audio_formats.mm in Sources */,
				78C4EADC7027B12B705D9750 /* include_juce_audio_plugin_client_utils.cpp in Sources */,
				38314726B31344F4CF98933F /* include_juce_audio_plugin_client_VST_utils.mm in Sources */,
				F3980B01FB032452D2266613 /* include_juce_audio_processors.mm in Sources */,
				A4B3D0EBF00D0C3085235B2D /* include_juce_audio_utils.mm in Sources */,
				4A1C73CBA4676B4CCDD7A64D /* include_juce_core.mm in Sources */,
				FFD5847425CE3F166A69355E /* include_juce_cryptography.mm in Sources */,
				359EAE281F58D49A00DBF805 /* Model.cpp in Sources */,
				1CC5AA957A2E3476E8C432D3 /* include_juce_data_structures.mm in Sources */,
				616F29365A78524F10D569AA /* include_juce_events.mm in Sources */,
				B22EB0A42D892D3D7E27DB08 /* include_juce_graphics.mm in Sources */,
				67F87B2AF35C43B19592EF27 /* include_juce_gui_basics.mm in Sources */,
				88529BD548A969BF936E6748 /* include_juce_gui_extra.mm in Sources */,
				A0CE702B9ACE7C396D901D77 /* include_juce_opengl.mm in Sources */,
				4E8C838E46054EBE6CD4B6A1 /* include_juce_video.mm in Sources */,
				5967291A562D16D6861E97C2 /* SoundfontSynthSound.cpp in Sources */,
				59672461AAA28A05B7F999D3 /* SoundfontSynthVoice.cpp in Sources */,
			);
			runOnlyForDeploymentPostprocessing = 0;
		};
		87F799C33E2787FADB73548E /* Sources */ = {
			isa = PBXSourcesBuildPhase;
			buildActionMask = 2147483647;
			files = (
				9581935A8E24A6D89BCEB2FD /* include_juce_audio_plugin_client_Standalone.cpp in Sources */,
			);
			runOnlyForDeploymentPostprocessing = 0;
		};
		EB1738E273A55B584F2808CA /* Sources */ = {
			isa = PBXSourcesBuildPhase;
			buildActionMask = 2147483647;
			files = (
				055CB612E6FD827F47E0B067 /* include_juce_audio_plugin_client_VST2.cpp in Sources */,
			);
			runOnlyForDeploymentPostprocessing = 0;
		};
/* End PBXSourcesBuildPhase section */

/* Begin PBXTargetDependency section */
		50AE0946B63C5883D3F52B41 /* PBXTargetDependency */ = {
			isa = PBXTargetDependency;
			target = CEA49C9C2D73DA3867849B44 /* Lazarus - VST */;
			targetProxy = 359EAE231F58CABC00DBF805 /* PBXContainerItemProxy */;
		};
		9376B99480BA6C8B5FBBA083 /* PBXTargetDependency */ = {
			isa = PBXTargetDependency;
			target = A419C566C61946ABECD758A9 /* Lazarus - AU */;
			targetProxy = 359EAE241F58CABC00DBF805 /* PBXContainerItemProxy */;
		};
		D8A76F5E0E38C7BBA3741B16 /* PBXTargetDependency */ = {
			isa = PBXTargetDependency;
			target = 7111E4D2694358B278BF7476 /* Lazarus - Shared Code */;
			targetProxy = 359EAE221F58CABB00DBF805 /* PBXContainerItemProxy */;
		};
		DECAFF79D418C3F73E12C3AC /* PBXTargetDependency */ = {
			isa = PBXTargetDependency;
			target = 3F9CCE0304CF4B5714778A4D /* Lazarus - Standalone Plugin */;
			targetProxy = 359EAE251F58CABC00DBF805 /* PBXContainerItemProxy */;
		};
/* End PBXTargetDependency section */

/* Begin XCBuildConfiguration section */
		0C1C6251F26657586C07BF57 /* Release */ = {
			isa = XCBuildConfiguration;
			buildSettings = {
				PRODUCT_NAME = Lazarus;
			};
			name = Release;
		};
		40910EFC7449ECAEE0FECA85 /* Release */ = {
			isa = XCBuildConfiguration;
			buildSettings = {
				CLANG_CXX_LANGUAGE_STANDARD = "c++11";
				CLANG_LINK_OBJC_RUNTIME = NO;
				COMBINE_HIDPI_IMAGES = YES;
				CONFIGURATION_BUILD_DIR = "$(PROJECT_DIR)/build/$(CONFIGURATION)";
				DEAD_CODE_STRIPPING = YES;
				GCC_GENERATE_DEBUGGING_SYMBOLS = NO;
				GCC_OPTIMIZATION_LEVEL = 3;
				GCC_PREPROCESSOR_DEFINITIONS = (
					"_NDEBUG=1",
					"NDEBUG=1",
					"JUCER_XCODE_MAC_F6D2F4CF=1",
					"JUCE_APP_VERSION=1.0.0",
					"JUCE_APP_VERSION_HEX=0x10000",
					"JucePlugin_Build_VST=0",
					"JucePlugin_Build_VST3=0",
					"JucePlugin_Build_AU=0",
					"JucePlugin_Build_AUv3=0",
					"JucePlugin_Build_RTAS=0",
					"JucePlugin_Build_AAX=0",
					"JucePlugin_Build_Standalone=1",
				);
				GCC_SYMBOLS_PRIVATE_EXTERN = YES;
				GCC_VERSION = com.apple.compilers.llvm.clang.1_0;
				HEADER_SEARCH_PATHS = (
					../../JuceLibraryCode,
					/Applications/JUCE/modules,
					/Applications/JUCE/modules/juce_audio_plugin_client,
					"$(inherited)",
				);
				INFOPLIST_FILE = "Info-Standalone_Plugin.plist";
				INFOPLIST_PREPROCESS = NO;
				MACOSX_DEPLOYMENT_TARGET = 10.11;
				MACOSX_DEPLOYMENT_TARGET_ppc = 10.4;
				OTHER_LDFLAGS = "-lLazarus";
				PRODUCT_BUNDLE_IDENTIFIER = uk.co.birchlabs.Lazarus;
				PRODUCT_NAME = Lazarus;
				SDKROOT_ppc = macosx10.5;
				USE_HEADERMAP = NO;
			};
			name = Release;
		};
		47A8939F8CCFAE444D438415 /* Debug */ = {
			isa = XCBuildConfiguration;
			buildSettings = {
				CLANG_CXX_LANGUAGE_STANDARD = "c++11";
				CLANG_LINK_OBJC_RUNTIME = NO;
				COMBINE_HIDPI_IMAGES = YES;
				CONFIGURATION_BUILD_DIR = "$(PROJECT_DIR)/build/$(CONFIGURATION)";
				COPY_PHASE_STRIP = NO;
				GCC_DYNAMIC_NO_PIC = NO;
				GCC_OPTIMIZATION_LEVEL = 0;
				GCC_PREPROCESSOR_DEFINITIONS = (
					"_DEBUG=1",
					"DEBUG=1",
					"JUCER_XCODE_MAC_F6D2F4CF=1",
					"JUCE_APP_VERSION=1.0.0",
					"JUCE_APP_VERSION_HEX=0x10000",
					"JucePlugin_Build_VST=0",
					"JucePlugin_Build_VST3=0",
					"JucePlugin_Build_AU=0",
					"JucePlugin_Build_AUv3=0",
					"JucePlugin_Build_RTAS=0",
					"JucePlugin_Build_AAX=0",
					"JucePlugin_Build_Standalone=1",
				);
				GCC_VERSION = com.apple.compilers.llvm.clang.1_0;
				HEADER_SEARCH_PATHS = (
					../../JuceLibraryCode,
					/Applications/JUCE/modules,
					/Applications/JUCE/modules/juce_audio_plugin_client,
					"$(inherited)",
				);
				INFOPLIST_FILE = "Info-Standalone_Plugin.plist";
				INFOPLIST_PREPROCESS = NO;
				MACOSX_DEPLOYMENT_TARGET = 10.11;
				MACOSX_DEPLOYMENT_TARGET_ppc = 10.4;
				OTHER_LDFLAGS = "-lLazarus";
				PRODUCT_BUNDLE_IDENTIFIER = uk.co.birchlabs.Lazarus;
				PRODUCT_NAME = Lazarus;
				SDKROOT_ppc = macosx10.5;
				USE_HEADERMAP = NO;
			};
			name = Debug;
		};
		55FE710A76675BC1A01B1290 /* Release */ = {
			isa = XCBuildConfiguration;
			buildSettings = {
				ALWAYS_SEARCH_USER_PATHS = NO;
				CLANG_WARN_BLOCK_CAPTURE_AUTORELEASING = YES;
				CLANG_WARN_BOOL_CONVERSION = YES;
				CLANG_WARN_COMMA = YES;
				CLANG_WARN_CONSTANT_CONVERSION = YES;
				CLANG_WARN_EMPTY_BODY = YES;
				CLANG_WARN_ENUM_CONVERSION = YES;
				CLANG_WARN_INFINITE_RECURSION = YES;
				CLANG_WARN_INT_CONVERSION = YES;
				CLANG_WARN_NON_LITERAL_NULL_CONVERSION = YES;
				CLANG_WARN_OBJC_LITERAL_CONVERSION = YES;
				CLANG_WARN_RANGE_LOOP_ANALYSIS = YES;
				CLANG_WARN_STRICT_PROTOTYPES = YES;
				CLANG_WARN_SUSPICIOUS_MOVE = YES;
				CLANG_WARN_UNREACHABLE_CODE = YES;
				CLANG_WARN__DUPLICATE_METHOD_MATCH = YES;
				DEBUG_INFORMATION_FORMAT = "dwarf-with-dsym";
				ENABLE_STRICT_OBJC_MSGSEND = YES;
				GCC_C_LANGUAGE_STANDARD = c11;
				GCC_INLINES_ARE_PRIVATE_EXTERN = YES;
				GCC_MODEL_TUNING = G5;
				GCC_NO_COMMON_BLOCKS = YES;
				GCC_WARN_64_TO_32_BIT_CONVERSION = YES;
				GCC_WARN_ABOUT_RETURN_TYPE = YES;
				GCC_WARN_CHECK_SWITCH_STATEMENTS = YES;
				GCC_WARN_MISSING_PARENTHESES = YES;
				GCC_WARN_NON_VIRTUAL_DESTRUCTOR = YES;
				GCC_WARN_TYPECHECK_CALLS_TO_PRINTF = YES;
				GCC_WARN_UNDECLARED_SELECTOR = YES;
				GCC_WARN_UNINITIALIZED_AUTOS = YES;
				GCC_WARN_UNUSED_FUNCTION = YES;
				GCC_WARN_UNUSED_VARIABLE = YES;
				PRODUCT_NAME = Lazarus;
				WARNING_CFLAGS = "-Wreorder";
				ZERO_LINK = NO;
			};
			name = Release;
		};
		6517E7CDA547E6C29A5C6B30 /* Debug */ = {
			isa = XCBuildConfiguration;
			buildSettings = {
				CLANG_CXX_LANGUAGE_STANDARD = "c++11";
				CLANG_LINK_OBJC_RUNTIME = NO;
				COMBINE_HIDPI_IMAGES = YES;
				CONFIGURATION_BUILD_DIR = "$(PROJECT_DIR)/build/$(CONFIGURATION)";
				COPY_PHASE_STRIP = NO;
				DEPLOYMENT_LOCATION = YES;
				DSTROOT = /;
				GCC_DYNAMIC_NO_PIC = NO;
				GCC_OPTIMIZATION_LEVEL = 0;
				GCC_PREPROCESSOR_DEFINITIONS = (
					"_DEBUG=1",
					"DEBUG=1",
					"JUCER_XCODE_MAC_F6D2F4CF=1",
					"JUCE_APP_VERSION=1.0.0",
					"JUCE_APP_VERSION_HEX=0x10000",
					"JucePlugin_Build_VST=1",
					"JucePlugin_Build_VST3=0",
					"JucePlugin_Build_AU=0",
					"JucePlugin_Build_AUv3=0",
					"JucePlugin_Build_RTAS=0",
					"JucePlugin_Build_AAX=0",
					"JucePlugin_Build_Standalone=0",
				);
				GCC_VERSION = com.apple.compilers.llvm.clang.1_0;
				GENERATE_PKGINFO_FILE = YES;
				HEADER_SEARCH_PATHS = (
					../../JuceLibraryCode,
					/Applications/JUCE/modules,
					/Applications/JUCE/modules/juce_audio_plugin_client,
					"$(inherited)",
				);
				INFOPLIST_FILE = "Info-VST.plist";
				INFOPLIST_PREPROCESS = NO;
				INSTALL_PATH = "$(HOME)/Library/Audio/Plug-Ins/VST/";
				LIBRARY_STYLE = Bundle;
				MACOSX_DEPLOYMENT_TARGET = 10.11;
				MACOSX_DEPLOYMENT_TARGET_ppc = 10.4;
				OTHER_LDFLAGS = (
					"-bundle",
					"-lLazarus",
				);
				PRODUCT_BUNDLE_IDENTIFIER = uk.co.birchlabs.Lazarus;
				PRODUCT_NAME = Lazarus;
				SDKROOT_ppc = macosx10.5;
				USE_HEADERMAP = NO;
				WRAPPER_EXTENSION = vst;
			};
			name = Debug;
		};
		705D47DAD675C4433BC04070 /* Debug */ = {
			isa = XCBuildConfiguration;
			buildSettings = {
				PRODUCT_NAME = Lazarus;
			};
			name = Debug;
		};
		70D83CD43225C77A070F1614 /* Release */ = {
			isa = XCBuildConfiguration;
			buildSettings = {
				CLANG_CXX_LANGUAGE_STANDARD = "c++11";
				CLANG_LINK_OBJC_RUNTIME = NO;
				COMBINE_HIDPI_IMAGES = YES;
				CONFIGURATION_BUILD_DIR = "$(PROJECT_DIR)/build/$(CONFIGURATION)";
				DEAD_CODE_STRIPPING = YES;
				DEPLOYMENT_LOCATION = YES;
				DSTROOT = /;
				GCC_GENERATE_DEBUGGING_SYMBOLS = NO;
				GCC_OPTIMIZATION_LEVEL = 3;
				GCC_PREPROCESSOR_DEFINITIONS = (
					"_NDEBUG=1",
					"NDEBUG=1",
					"JUCER_XCODE_MAC_F6D2F4CF=1",
					"JUCE_APP_VERSION=1.0.0",
					"JUCE_APP_VERSION_HEX=0x10000",
					"JucePlugin_Build_VST=0",
					"JucePlugin_Build_VST3=0",
					"JucePlugin_Build_AU=1",
					"JucePlugin_Build_AUv3=0",
					"JucePlugin_Build_RTAS=0",
					"JucePlugin_Build_AAX=0",
					"JucePlugin_Build_Standalone=0",
				);
				GCC_SYMBOLS_PRIVATE_EXTERN = YES;
				GCC_VERSION = com.apple.compilers.llvm.clang.1_0;
				GENERATE_PKGINFO_FILE = YES;
				HEADER_SEARCH_PATHS = (
					../../JuceLibraryCode,
					/Applications/JUCE/modules,
					/Applications/JUCE/modules/juce_audio_plugin_client,
					"$(inherited)",
				);
				INFOPLIST_FILE = "Info-AU.plist";
				INFOPLIST_PREPROCESS = NO;
				INSTALL_PATH = "$(HOME)/Library/Audio/Plug-Ins/Components/";
				LIBRARY_STYLE = Bundle;
				MACOSX_DEPLOYMENT_TARGET = 10.11;
				MACOSX_DEPLOYMENT_TARGET_ppc = 10.4;
				OTHER_LDFLAGS = (
					"-bundle",
					"-lLazarus",
				);
				OTHER_REZFLAGS = "-d ppc_$ppc -d i386_$i386 -d ppc64_$ppc64 -d x86_64_$x86_64 -I /System/Library/Frameworks/CoreServices.framework/Frameworks/CarbonCore.framework/Versions/A/Headers -I \"$(DEVELOPER_DIR)/Extras/CoreAudio/AudioUnits/AUPublic/AUBase\"";
				PRODUCT_BUNDLE_IDENTIFIER = uk.co.birchlabs.Lazarus;
				PRODUCT_NAME = Lazarus;
				SDKROOT_ppc = macosx10.5;
				USE_HEADERMAP = NO;
				WRAPPER_EXTENSION = component;
			};
			name = Release;
		};
		7B8F29EC86668F6C32FBC7DB /* Debug */ = {
			isa = XCBuildConfiguration;
			buildSettings = {
				CLANG_CXX_LANGUAGE_STANDARD = "c++11";
				CLANG_LINK_OBJC_RUNTIME = NO;
				COMBINE_HIDPI_IMAGES = YES;
				CONFIGURATION_BUILD_DIR = "$(PROJECT_DIR)/build/$(CONFIGURATION)";
				COPY_PHASE_STRIP = NO;
				GCC_DYNAMIC_NO_PIC = NO;
				GCC_OPTIMIZATION_LEVEL = 0;
				GCC_PREPROCESSOR_DEFINITIONS = (
					"_DEBUG=1",
					"DEBUG=1",
					"JUCER_XCODE_MAC_F6D2F4CF=1",
					"JUCE_APP_VERSION=1.0.0",
					"JUCE_APP_VERSION_HEX=0x10000",
					"JucePlugin_Build_VST=1",
					"JucePlugin_Build_VST3=0",
					"JucePlugin_Build_AU=1",
					"JucePlugin_Build_AUv3=0",
					"JucePlugin_Build_RTAS=0",
					"JucePlugin_Build_AAX=0",
					"JucePlugin_Build_Standalone=1",
					"JUCE_SHARED_CODE=1",
				);
				GCC_VERSION = com.apple.compilers.llvm.clang.1_0;
				HEADER_SEARCH_PATHS = (
					../../JuceLibraryCode,
					/Applications/JUCE/modules,
					/Applications/JUCE/modules/juce_audio_plugin_client,
					"\"$(inherited)\"",
					/usr/local/include,
				);
				INSTALL_PATH = "@executable_path/../Frameworks";
				LIBRARY_SEARCH_PATHS = (
					/usr/local/lib,
				);
				MACOSX_DEPLOYMENT_TARGET = 10.11;
				MACOSX_DEPLOYMENT_TARGET_ppc = 10.4;
				PRODUCT_BUNDLE_IDENTIFIER = uk.co.birchlabs.Lazarus;
				PRODUCT_NAME = Lazarus;
				SDKROOT_ppc = macosx10.5;
				USE_HEADERMAP = NO;
			};
			name = Debug;
		};
		8C7EF245FD030A10F7D0DDA0 /* Release */ = {
			isa = XCBuildConfiguration;
			buildSettings = {
				CLANG_CXX_LANGUAGE_STANDARD = "c++11";
				CLANG_LINK_OBJC_RUNTIME = NO;
				COMBINE_HIDPI_IMAGES = YES;
				CONFIGURATION_BUILD_DIR = "$(PROJECT_DIR)/build/$(CONFIGURATION)";
				DEAD_CODE_STRIPPING = YES;
				DEPLOYMENT_LOCATION = YES;
				DSTROOT = /;
				GCC_GENERATE_DEBUGGING_SYMBOLS = NO;
				GCC_OPTIMIZATION_LEVEL = 3;
				GCC_PREPROCESSOR_DEFINITIONS = (
					"_NDEBUG=1",
					"NDEBUG=1",
					"JUCER_XCODE_MAC_F6D2F4CF=1",
					"JUCE_APP_VERSION=1.0.0",
					"JUCE_APP_VERSION_HEX=0x10000",
					"JucePlugin_Build_VST=1",
					"JucePlugin_Build_VST3=0",
					"JucePlugin_Build_AU=0",
					"JucePlugin_Build_AUv3=0",
					"JucePlugin_Build_RTAS=0",
					"JucePlugin_Build_AAX=0",
					"JucePlugin_Build_Standalone=0",
				);
				GCC_SYMBOLS_PRIVATE_EXTERN = YES;
				GCC_VERSION = com.apple.compilers.llvm.clang.1_0;
				GENERATE_PKGINFO_FILE = YES;
				HEADER_SEARCH_PATHS = (
					../../JuceLibraryCode,
					/Applications/JUCE/modules,
					/Applications/JUCE/modules/juce_audio_plugin_client,
					"$(inherited)",
				);
				INFOPLIST_FILE = "Info-VST.plist";
				INFOPLIST_PREPROCESS = NO;
				INSTALL_PATH = "$(HOME)/Library/Audio/Plug-Ins/VST/";
				LIBRARY_STYLE = Bundle;
				MACOSX_DEPLOYMENT_TARGET = 10.11;
				MACOSX_DEPLOYMENT_TARGET_ppc = 10.4;
				OTHER_LDFLAGS = (
					"-bundle",
					"-lLazarus",
				);
				PRODUCT_BUNDLE_IDENTIFIER = uk.co.birchlabs.Lazarus;
				PRODUCT_NAME = Lazarus;
				SDKROOT_ppc = macosx10.5;
				USE_HEADERMAP = NO;
				WRAPPER_EXTENSION = vst;
			};
			name = Release;
		};
		D4887B30A4ECE95C389F6887 /* Debug */ = {
			isa = XCBuildConfiguration;
			buildSettings = {
				ALWAYS_SEARCH_USER_PATHS = NO;
				CLANG_WARN_BLOCK_CAPTURE_AUTORELEASING = YES;
				CLANG_WARN_BOOL_CONVERSION = YES;
				CLANG_WARN_COMMA = YES;
				CLANG_WARN_CONSTANT_CONVERSION = YES;
				CLANG_WARN_EMPTY_BODY = YES;
				CLANG_WARN_ENUM_CONVERSION = YES;
				CLANG_WARN_INFINITE_RECURSION = YES;
				CLANG_WARN_INT_CONVERSION = YES;
				CLANG_WARN_NON_LITERAL_NULL_CONVERSION = YES;
				CLANG_WARN_OBJC_LITERAL_CONVERSION = YES;
				CLANG_WARN_RANGE_LOOP_ANALYSIS = YES;
				CLANG_WARN_STRICT_PROTOTYPES = YES;
				CLANG_WARN_SUSPICIOUS_MOVE = YES;
				CLANG_WARN_UNREACHABLE_CODE = YES;
				CLANG_WARN__DUPLICATE_METHOD_MATCH = YES;
				DEBUG_INFORMATION_FORMAT = "dwarf-with-dsym";
				ENABLE_STRICT_OBJC_MSGSEND = YES;
				ENABLE_TESTABILITY = YES;
				GCC_C_LANGUAGE_STANDARD = c11;
				GCC_INLINES_ARE_PRIVATE_EXTERN = YES;
				GCC_MODEL_TUNING = G5;
				GCC_NO_COMMON_BLOCKS = YES;
				GCC_WARN_64_TO_32_BIT_CONVERSION = YES;
				GCC_WARN_ABOUT_RETURN_TYPE = YES;
				GCC_WARN_CHECK_SWITCH_STATEMENTS = YES;
				GCC_WARN_MISSING_PARENTHESES = YES;
				GCC_WARN_NON_VIRTUAL_DESTRUCTOR = YES;
				GCC_WARN_TYPECHECK_CALLS_TO_PRINTF = YES;
				GCC_WARN_UNDECLARED_SELECTOR = YES;
				GCC_WARN_UNINITIALIZED_AUTOS = YES;
				GCC_WARN_UNUSED_FUNCTION = YES;
				GCC_WARN_UNUSED_VARIABLE = YES;
				ONLY_ACTIVE_ARCH = YES;
				PRODUCT_NAME = Lazarus;
				WARNING_CFLAGS = "-Wreorder";
				ZERO_LINK = NO;
			};
			name = Debug;
		};
		DC3223E05AE8286AB742B20C /* Debug */ = {
			isa = XCBuildConfiguration;
			buildSettings = {
				CLANG_CXX_LANGUAGE_STANDARD = "c++11";
				CLANG_LINK_OBJC_RUNTIME = NO;
				COMBINE_HIDPI_IMAGES = YES;
				CONFIGURATION_BUILD_DIR = "$(PROJECT_DIR)/build/$(CONFIGURATION)";
				COPY_PHASE_STRIP = NO;
				DEPLOYMENT_LOCATION = YES;
				DSTROOT = /;
				GCC_DYNAMIC_NO_PIC = NO;
				GCC_OPTIMIZATION_LEVEL = 0;
				GCC_PREPROCESSOR_DEFINITIONS = (
					"_DEBUG=1",
					"DEBUG=1",
					"JUCER_XCODE_MAC_F6D2F4CF=1",
					"JUCE_APP_VERSION=1.0.0",
					"JUCE_APP_VERSION_HEX=0x10000",
					"JucePlugin_Build_VST=0",
					"JucePlugin_Build_VST3=0",
					"JucePlugin_Build_AU=1",
					"JucePlugin_Build_AUv3=0",
					"JucePlugin_Build_RTAS=0",
					"JucePlugin_Build_AAX=0",
					"JucePlugin_Build_Standalone=0",
				);
				GCC_VERSION = com.apple.compilers.llvm.clang.1_0;
				GENERATE_PKGINFO_FILE = YES;
				HEADER_SEARCH_PATHS = (
					../../JuceLibraryCode,
					/Applications/JUCE/modules,
					/Applications/JUCE/modules/juce_audio_plugin_client,
					"$(inherited)",
				);
				INFOPLIST_FILE = "Info-AU.plist";
				INFOPLIST_PREPROCESS = NO;
				INSTALL_PATH = "$(HOME)/Library/Audio/Plug-Ins/Components/";
				LIBRARY_STYLE = Bundle;
				MACOSX_DEPLOYMENT_TARGET = 10.11;
				MACOSX_DEPLOYMENT_TARGET_ppc = 10.4;
				OTHER_LDFLAGS = (
					"-bundle",
					"-lLazarus",
				);
				OTHER_REZFLAGS = "-d ppc_$ppc -d i386_$i386 -d ppc64_$ppc64 -d x86_64_$x86_64 -I /System/Library/Frameworks/CoreServices.framework/Frameworks/CarbonCore.framework/Versions/A/Headers -I \"$(DEVELOPER_DIR)/Extras/CoreAudio/AudioUnits/AUPublic/AUBase\"";
				PRODUCT_BUNDLE_IDENTIFIER = uk.co.birchlabs.Lazarus;
				PRODUCT_NAME = Lazarus;
				SDKROOT_ppc = macosx10.5;
				USE_HEADERMAP = NO;
				WRAPPER_EXTENSION = component;
			};
			name = Debug;
		};
		F0C1369E9BCBF83D6C7A5431 /* Release */ = {
			isa = XCBuildConfiguration;
			buildSettings = {
				CLANG_CXX_LANGUAGE_STANDARD = "c++11";
				CLANG_LINK_OBJC_RUNTIME = NO;
				COMBINE_HIDPI_IMAGES = YES;
				CONFIGURATION_BUILD_DIR = "$(PROJECT_DIR)/build/$(CONFIGURATION)";
				DEAD_CODE_STRIPPING = YES;
				GCC_GENERATE_DEBUGGING_SYMBOLS = NO;
				GCC_OPTIMIZATION_LEVEL = 3;
				GCC_PREPROCESSOR_DEFINITIONS = (
					"_NDEBUG=1",
					"NDEBUG=1",
					"JUCER_XCODE_MAC_F6D2F4CF=1",
					"JUCE_APP_VERSION=1.0.0",
					"JUCE_APP_VERSION_HEX=0x10000",
					"JucePlugin_Build_VST=1",
					"JucePlugin_Build_VST3=0",
					"JucePlugin_Build_AU=1",
					"JucePlugin_Build_AUv3=0",
					"JucePlugin_Build_RTAS=0",
					"JucePlugin_Build_AAX=0",
					"JucePlugin_Build_Standalone=1",
					"JUCE_SHARED_CODE=1",
				);
				GCC_SYMBOLS_PRIVATE_EXTERN = YES;
				GCC_VERSION = com.apple.compilers.llvm.clang.1_0;
				HEADER_SEARCH_PATHS = (
					../../JuceLibraryCode,
					/Applications/JUCE/modules,
					/Applications/JUCE/modules/juce_audio_plugin_client,
					"\"$(inherited)\"",
					/usr/local/include,
				);
				INSTALL_PATH = "@executable_path/../Frameworks";
				LIBRARY_SEARCH_PATHS = (
					/usr/local/lib,
				);
				MACOSX_DEPLOYMENT_TARGET = 10.11;
				MACOSX_DEPLOYMENT_TARGET_ppc = 10.4;
				PRODUCT_BUNDLE_IDENTIFIER = uk.co.birchlabs.Lazarus;
				PRODUCT_NAME = Lazarus;
				SDKROOT_ppc = macosx10.5;
				USE_HEADERMAP = NO;
			};
			name = Release;
		};
/* End XCBuildConfiguration section */

/* Begin XCConfigurationList section */
		2AF48FEC9615F03F99EB537F /* Build configuration list for PBXNativeTarget "Lazarus - VST" */ = {
			isa = XCConfigurationList;
			buildConfigurations = (
				6517E7CDA547E6C29A5C6B30 /* Debug */,
				8C7EF245FD030A10F7D0DDA0 /* Release */,
			);
			defaultConfigurationIsVisible = 0;
			defaultConfigurationName = Debug;
		};
		87C250E50FA3C1F18434FD61 /* Build configuration list for PBXAggregateTarget "Lazarus - All" */ = {
			isa = XCConfigurationList;
			buildConfigurations = (
				705D47DAD675C4433BC04070 /* Debug */,
				0C1C6251F26657586C07BF57 /* Release */,
			);
			defaultConfigurationIsVisible = 0;
			defaultConfigurationName = Debug;
		};
		B695E6B785A980513D8748EE /* Build configuration list for PBXProject "Lazarus" */ = {
			isa = XCConfigurationList;
			buildConfigurations = (
				D4887B30A4ECE95C389F6887 /* Debug */,
				55FE710A76675BC1A01B1290 /* Release */,
			);
			defaultConfigurationIsVisible = 0;
			defaultConfigurationName = Debug;
		};
		D59D790494164A5D371D9A3C /* Build configuration list for PBXNativeTarget "Lazarus - AU" */ = {
			isa = XCConfigurationList;
			buildConfigurations = (
				DC3223E05AE8286AB742B20C /* Debug */,
				70D83CD43225C77A070F1614 /* Release */,
			);
			defaultConfigurationIsVisible = 0;
			defaultConfigurationName = Debug;
		};
		EFAC91E5F6C74AD6EC5A96BC /* Build configuration list for PBXNativeTarget "Lazarus - Standalone Plugin" */ = {
			isa = XCConfigurationList;
			buildConfigurations = (
				47A8939F8CCFAE444D438415 /* Debug */,
				40910EFC7449ECAEE0FECA85 /* Release */,
			);
			defaultConfigurationIsVisible = 0;
			defaultConfigurationName = Debug;
		};
		F72FACF2037C810CD8F935BF /* Build configuration list for PBXNativeTarget "Lazarus - Shared Code" */ = {
			isa = XCConfigurationList;
			buildConfigurations = (
				7B8F29EC86668F6C32FBC7DB /* Debug */,
				F0C1369E9BCBF83D6C7A5431 /* Release */,
			);
			defaultConfigurationIsVisible = 0;
			defaultConfigurationName = Debug;
		};
/* End XCConfigurationList section */
	};
	rootObject = 737692B8CC0CFD921FA0B201 /* Project object */;
}
